
Microsoft Visual Studio Solution File, Format Version 12.00
# Visual Studio Version 17
VisualStudioVersion = 17.6.33829.357
MinimumVisualStudioVersion = 10.0.40219.1
Project("{8BC9CEB8-8B4A-11D0-8D11-00A0C91BC942}") = "study1", "study1\study1.vcxproj", "{1CF73766-A810-43B2-A68D-33ADE866C690}"
EndProject
Project("{8BC9CEB8-8B4A-11D0-8D11-00A0C91BC942}") = "study2", "study2\study2.vcxproj", "{5479F70C-135A-465F-8B6E-3CC5063AC504}"
EndProject
Project("{8BC9CEB8-8B4A-11D0-8D11-00A0C91BC942}") = "study3", "study3\study3.vcxproj", "{7EF64A09-5539-4379-92AF-F13BFD7ACD60}"
EndProject
Project("{8BC9CEB8-8B4A-11D0-8D11-00A0C91BC942}") = "study4", "study4\study4.vcxproj", "{C6D924D6-E118-43DC-81D4-AE4140630101}"
EndProject
Project("{8BC9CEB8-8B4A-11D0-8D11-00A0C91BC942}") = "study5", "study5\study5.vcxproj", "{C3786E6C-362E-4C66-A445-87D0F73AC2B7}"
EndProject
Project("{8BC9CEB8-8B4A-11D0-8D11-00A0C91BC942}") = "study6", "study6\study6.vcxproj", "{E6919A72-D30A-4D1F-809E-5EBBAB603030}"
EndProject
Project("{8BC9CEB8-8B4A-11D0-8D11-00A0C91BC942}") = "study7", "study7\study7.vcxproj", "{0598990F-FB25-4DFB-B8F7-C3055005FDCA}"
EndProject
Project("{8BC9CEB8-8B4A-11D0-8D11-00A0C91BC942}") = "study8", "study8\study8.vcxproj", "{6873BE78-0706-42FF-9320-124D1E85B3FB}"
EndProject
Project("{8BC9CEB8-8B4A-11D0-8D11-00A0C91BC942}") = "study9", "study9\study9.vcxproj", "{2E3138BA-BB6D-43F1-9646-8D58FA0501FB}"
EndProject
Project("{8BC9CEB8-8B4A-11D0-8D11-00A0C91BC942}") = "study10", "study10\study10.vcxproj", "{FEB783FA-112A-42BA-BF30-487B93B8231F}"
EndProject
Project("{8BC9CEB8-8B4A-11D0-8D11-00A0C91BC942}") = "study11", "study11\study11.vcxproj", "{3D6C5817-2F95-42C8-8115-F10CC130BD3B}"
EndProject
Project("{8BC9CEB8-8B4A-11D0-8D11-00A0C91BC942}") = "study12", "study12\study12.vcxproj", "{E000E001-FA20-4AA5-B793-FDE3D62BE79F}"
EndProject
Project("{8BC9CEB8-8B4A-11D0-8D11-00A0C91BC942}") = "study13", "study13\study13.vcxproj", "{6DB45A32-B094-4703-B212-82E1CE3BD91A}"
EndProject
Project("{8BC9CEB8-8B4A-11D0-8D11-00A0C91BC942}") = "study14", "study14\study14.vcxproj", "{E2D2A80B-B73E-46FF-940A-ED64BCFCE4F6}"
EndProject
Project("{8BC9CEB8-8B4A-11D0-8D11-00A0C91BC942}") = "study15", "study15\study15.vcxproj", "{AAA5EF2E-491B-4A6B-A019-B9429191B6C4}"
EndProject
Project("{8BC9CEB8-8B4A-11D0-8D11-00A0C91BC942}") = "study16", "study16\study16.vcxproj", "{CCD744D0-F41D-4483-A8DE-48C16E6F3C06}"
EndProject
Project("{8BC9CEB8-8B4A-11D0-8D11-00A0C91BC942}") = "study17", "study17\study17.vcxproj", "{2329337E-DDD6-4257-871A-D987A26AB8D0}"
EndProject
Project("{8BC9CEB8-8B4A-11D0-8D11-00A0C91BC942}") = "study18", "study18\study18.vcxproj", "{6B0FCF02-E538-4D8D-9B53-EDCA1FB37953}"
EndProject
Project("{8BC9CEB8-8B4A-11D0-8D11-00A0C91BC942}") = "study19", "study19\study19.vcxproj", "{8EA74103-6C15-483F-B7C5-42CDEE3ECF3F}"
EndProject
Project("{8BC9CEB8-8B4A-11D0-8D11-00A0C91BC942}") = "study20", "study20\study20.vcxproj", "{320BBC64-2091-4D98-8ABF-DDB19B3A961A}"
EndProject
Project("{8BC9CEB8-8B4A-11D0-8D11-00A0C91BC942}") = "study21", "study21\study21.vcxproj", "{28F202C2-7CA9-4517-AF02-6B5ACBC607E0}"
EndProject
Project("{8BC9CEB8-8B4A-11D0-8D11-00A0C91BC942}") = "study22", "study22\study22.vcxproj", "{4F00D75A-8913-4C09-839F-382D6EB399BC}"
EndProject
Project("{8BC9CEB8-8B4A-11D0-8D11-00A0C91BC942}") = "study23", "study23\study23.vcxproj", "{9AC40C0D-6EC2-4EE4-81D5-2FF4E9376635}"
EndProject
Project("{8BC9CEB8-8B4A-11D0-8D11-00A0C91BC942}") = "study24", "study24\study24.vcxproj", "{4E65C14A-CCC6-4F7E-AA2A-239BD29160B2}"
EndProject
Project("{8BC9CEB8-8B4A-11D0-8D11-00A0C91BC942}") = "study25", "study25\study25.vcxproj", "{CFEF733C-8100-42CA-9ED2-B82E95E92DD9}"
EndProject
Project("{8BC9CEB8-8B4A-11D0-8D11-00A0C91BC942}") = "study26", "study26\study26.vcxproj", "{43EE6229-6D03-4544-A270-71BEB18DD43D}"
EndProject
Project("{8BC9CEB8-8B4A-11D0-8D11-00A0C91BC942}") = "study27", "study27\study27.vcxproj", "{E5F25C18-A74F-4A99-9856-0B70142A78CC}"
EndProject
Project("{8BC9CEB8-8B4A-11D0-8D11-00A0C91BC942}") = "study28", "study28\study28.vcxproj", "{F89D0C77-D6E6-4EB0-ACD6-242C84DA30FF}"
EndProject
Project("{8BC9CEB8-8B4A-11D0-8D11-00A0C91BC942}") = "study29", "study29\study29.vcxproj", "{DC778B8C-B9BC-4EAA-AAF6-ADAAB721839D}"
EndProject
Project("{8BC9CEB8-8B4A-11D0-8D11-00A0C91BC942}") = "study30", "study30\study30.vcxproj", "{5C67520E-84FD-4673-8C4F-E5206DC71940}"
EndProject
Project("{8BC9CEB8-8B4A-11D0-8D11-00A0C91BC942}") = "study31", "study31\study31.vcxproj", "{F921D2CF-6066-4FAD-A0D2-EDFE7C3B95CD}"
EndProject
Project("{8BC9CEB8-8B4A-11D0-8D11-00A0C91BC942}") = "study32", "study32\study32.vcxproj", "{48924C1F-DA15-473A-9612-F0446441C054}"
EndProject
Project("{8BC9CEB8-8B4A-11D0-8D11-00A0C91BC942}") = "study33", "study33\study33.vcxproj", "{6FD84B5D-4157-40FB-815A-2E36D2053B8D}"
EndProject
Project("{8BC9CEB8-8B4A-11D0-8D11-00A0C91BC942}") = "study34", "study34\study34.vcxproj", "{51F54242-C065-42BD-A2AD-CB5B0554A87B}"
EndProject
Project("{8BC9CEB8-8B4A-11D0-8D11-00A0C91BC942}") = "study35", "study35\study35.vcxproj", "{1A6BF26C-BBDF-431D-8DBB-909C3DDC3339}"
EndProject
Project("{8BC9CEB8-8B4A-11D0-8D11-00A0C91BC942}") = "study36", "study36\study36.vcxproj", "{88EB8C0A-69B3-4A25-A5D9-955BB53BA1EB}"
EndProject
Project("{8BC9CEB8-8B4A-11D0-8D11-00A0C91BC942}") = "study37", "study37\study37.vcxproj", "{A2EBFF64-2E13-4863-92AE-ADCECA6C497D}"
EndProject
Project("{8BC9CEB8-8B4A-11D0-8D11-00A0C91BC942}") = "study38", "study38\study38.vcxproj", "{E13D34F0-C8F1-42A1-88EB-7AC471E7FBE3}"
EndProject
Project("{8BC9CEB8-8B4A-11D0-8D11-00A0C91BC942}") = "study39", "study39\study39.vcxproj", "{67DB4366-2BD1-45DF-9FAC-471DD94A3038}"
EndProject
Project("{8BC9CEB8-8B4A-11D0-8D11-00A0C91BC942}") = "study40", "study40\study40.vcxproj", "{9F319878-6B86-476F-ADDA-EC1FB5D34E9F}"
EndProject
Project("{8BC9CEB8-8B4A-11D0-8D11-00A0C91BC942}") = "study41", "study41\study41.vcxproj", "{1DF639D4-C602-4A2F-90E8-C22085F07728}"
EndProject
Project("{8BC9CEB8-8B4A-11D0-8D11-00A0C91BC942}") = "study42", "study42\study42.vcxproj", "{70075F4A-5126-4CDF-B039-8E2C80E54F3B}"
EndProject
Project("{8BC9CEB8-8B4A-11D0-8D11-00A0C91BC942}") = "study43", "study43\study43.vcxproj", "{F46FE11A-C123-48B6-9C13-928BA2366EE7}"
EndProject
Project("{8BC9CEB8-8B4A-11D0-8D11-00A0C91BC942}") = "study44", "study44\study44.vcxproj", "{126A91F9-AAAB-427E-8BBE-32516AF6CDFE}"
EndProject
Project("{8BC9CEB8-8B4A-11D0-8D11-00A0C91BC942}") = "study45", "study45\study45.vcxproj", "{15C2C626-F988-4E72-8F83-DC25C06C0BCD}"
EndProject
Project("{8BC9CEB8-8B4A-11D0-8D11-00A0C91BC942}") = "study46", "study46\study46.vcxproj", "{74D3632E-D56F-4DAE-A3C6-C49FBF114A42}"
EndProject
Project("{8BC9CEB8-8B4A-11D0-8D11-00A0C91BC942}") = "study47", "study47\study47.vcxproj", "{D0C2810A-DC20-48D6-947C-6EC66542B543}"
EndProject
Project("{8BC9CEB8-8B4A-11D0-8D11-00A0C91BC942}") = "study48", "study48\study48.vcxproj", "{91794841-F015-459D-B14D-5E8BE75090D4}"
EndProject
Project("{8BC9CEB8-8B4A-11D0-8D11-00A0C91BC942}") = "study49", "study49\study49.vcxproj", "{4C0A8177-4C00-4AA9-8743-01C191791AC7}"
EndProject
Project("{8BC9CEB8-8B4A-11D0-8D11-00A0C91BC942}") = "study50", "study50\study50.vcxproj", "{530A9940-C27E-4138-A5B4-B700A560D636}"
EndProject
Project("{8BC9CEB8-8B4A-11D0-8D11-00A0C91BC942}") = "study51", "study51\study51.vcxproj", "{3B461BF3-2EC0-42F5-AC6D-870A9790D473}"
EndProject
Project("{8BC9CEB8-8B4A-11D0-8D11-00A0C91BC942}") = "study52", "study52\study52.vcxproj", "{19C8F366-BF05-459B-B4F5-220DEF7D167B}"
EndProject
Project("{8BC9CEB8-8B4A-11D0-8D11-00A0C91BC942}") = "study53", "study53\study53.vcxproj", "{57466EAC-5435-44BF-93FB-AE197D516394}"
EndProject
Project("{8BC9CEB8-8B4A-11D0-8D11-00A0C91BC942}") = "study54", "study54\study54.vcxproj", "{42960C5A-DF3D-4593-9ECB-91559ABCFC9C}"
EndProject
Project("{8BC9CEB8-8B4A-11D0-8D11-00A0C91BC942}") = "study55", "study55\study55.vcxproj", "{18BEF54F-6051-40FB-B039-E92A64F88C85}"
EndProject
Project("{8BC9CEB8-8B4A-11D0-8D11-00A0C91BC942}") = "study56", "study56\study56.vcxproj", "{05A5A01B-30BB-46F6-8A73-5DA4CB8B620A}"
EndProject
Project("{8BC9CEB8-8B4A-11D0-8D11-00A0C91BC942}") = "study57", "study57\study57.vcxproj", "{91579F86-D31B-4A7E-B057-AFC8BA61238C}"
EndProject
Project("{8BC9CEB8-8B4A-11D0-8D11-00A0C91BC942}") = "study58", "study58\study58.vcxproj", "{F1C6D574-4214-4556-92FB-0FDD98190CA5}"
EndProject
Project("{8BC9CEB8-8B4A-11D0-8D11-00A0C91BC942}") = "study59", "study59\study59.vcxproj", "{B8F6C741-1D73-4B7D-B68F-822045455249}"
EndProject
Project("{8BC9CEB8-8B4A-11D0-8D11-00A0C91BC942}") = "study60", "study60\study60.vcxproj", "{126A34F6-93C8-44B5-999D-44BF9D7C184D}"
EndProject
Project("{8BC9CEB8-8B4A-11D0-8D11-00A0C91BC942}") = "study61", "study61\study61.vcxproj", "{9E3E4A43-8DD1-44B1-A7B6-DABA53BBCC33}"
EndProject
Project("{8BC9CEB8-8B4A-11D0-8D11-00A0C91BC942}") = "study62", "study62\study62.vcxproj", "{7167B5E9-3600-4F24-9FD5-2DB277C1835D}"
EndProject
Project("{8BC9CEB8-8B4A-11D0-8D11-00A0C91BC942}") = "study63", "study63\study63.vcxproj", "{D1EDEC5A-930B-4DDC-A2F7-3E636F562824}"
EndProject
Project("{8BC9CEB8-8B4A-11D0-8D11-00A0C91BC942}") = "study64", "study64\study64.vcxproj", "{BE2E0EB0-2FF8-475C-9889-F1E31AA8661C}"
EndProject
Project("{8BC9CEB8-8B4A-11D0-8D11-00A0C91BC942}") = "study65", "study65\study65.vcxproj", "{5B261EBC-0D11-4E69-8786-6D5D9917048B}"
EndProject
Project("{8BC9CEB8-8B4A-11D0-8D11-00A0C91BC942}") = "study66", "study66\study66.vcxproj", "{E11EFC12-DE8C-4F91-BA14-FC4E38BE65DA}"
EndProject
Project("{8BC9CEB8-8B4A-11D0-8D11-00A0C91BC942}") = "study67", "study67\study67.vcxproj", "{731A4A87-424B-4D5E-8A00-9351CBF478CF}"
EndProject
Project("{8BC9CEB8-8B4A-11D0-8D11-00A0C91BC942}") = "study68", "study68\study68.vcxproj", "{04D7CFAF-4B52-477D-94AF-F512CEC9A9E6}"
EndProject
Project("{8BC9CEB8-8B4A-11D0-8D11-00A0C91BC942}") = "study69", "study69\study69.vcxproj", "{BC7ECCD3-D402-4A9D-89A0-C29C1A2F3268}"
EndProject
Project("{8BC9CEB8-8B4A-11D0-8D11-00A0C91BC942}") = "study70", "study70\study70.vcxproj", "{F930B8CC-5003-4055-8B52-89B0C168C887}"
EndProject
Project("{8BC9CEB8-8B4A-11D0-8D11-00A0C91BC942}") = "study71", "study71\study71.vcxproj", "{C908D49A-CCD8-4C9D-88E5-5FD8D355C3E6}"
EndProject
Project("{8BC9CEB8-8B4A-11D0-8D11-00A0C91BC942}") = "study72", "study72\study72.vcxproj", "{E7908457-0D9B-45E9-B21F-B44298162A7E}"
EndProject
Project("{8BC9CEB8-8B4A-11D0-8D11-00A0C91BC942}") = "study73", "study73\study73.vcxproj", "{5F2EE13B-AF85-4077-B451-2A74A6939362}"
EndProject
Project("{8BC9CEB8-8B4A-11D0-8D11-00A0C91BC942}") = "study74", "study74\study74.vcxproj", "{93C1974C-9D13-4E4C-A1E5-F9C2F84B8A91}"
EndProject
Project("{8BC9CEB8-8B4A-11D0-8D11-00A0C91BC942}") = "study75", "study75\study75.vcxproj", "{8F23C1C6-A8FF-454B-9549-BBCFE5051233}"
EndProject
Project("{8BC9CEB8-8B4A-11D0-8D11-00A0C91BC942}") = "study76", "study76\study76.vcxproj", "{7E78764E-9DEA-46FB-9FD6-231359EFA281}"
EndProject
Project("{8BC9CEB8-8B4A-11D0-8D11-00A0C91BC942}") = "study77", "study77\study77.vcxproj", "{42AC1F30-A83E-4596-A61F-FF6887ED0BB3}"
EndProject
Project("{8BC9CEB8-8B4A-11D0-8D11-00A0C91BC942}") = "study78", "study78\study78.vcxproj", "{6ACB8A77-C185-49E3-A99E-4D6CAEDBF748}"
EndProject
Project("{8BC9CEB8-8B4A-11D0-8D11-00A0C91BC942}") = "study79", "study79\study79.vcxproj", "{E40F5F5F-6A3A-47DC-B96D-B28EA58F83A4}"
EndProject
Project("{8BC9CEB8-8B4A-11D0-8D11-00A0C91BC942}") = "study80", "study80\study80.vcxproj", "{A5C82F6A-9C58-454F-A7D8-9D1D641EE861}"
EndProject
Project("{8BC9CEB8-8B4A-11D0-8D11-00A0C91BC942}") = "study81", "study81\study81.vcxproj", "{AA16B581-CA49-4FE8-A124-547ECB754E02}"
EndProject
Project("{8BC9CEB8-8B4A-11D0-8D11-00A0C91BC942}") = "study82", "study82\study82.vcxproj", "{3F81925C-5551-4275-B1A3-6E55EF665FD2}"
EndProject
Project("{8BC9CEB8-8B4A-11D0-8D11-00A0C91BC942}") = "study83", "study83\study83.vcxproj", "{390BD667-5C66-4604-9466-4FAA7F0E18AF}"
EndProject
Project("{8BC9CEB8-8B4A-11D0-8D11-00A0C91BC942}") = "study84", "study84\study84.vcxproj", "{D653BB74-E8FF-4711-890C-46FAF96970D9}"
EndProject
Project("{8BC9CEB8-8B4A-11D0-8D11-00A0C91BC942}") = "study85", "study85\study85.vcxproj", "{F638EF9D-BDED-4B85-B8DB-1530B1B71480}"
EndProject
Project("{8BC9CEB8-8B4A-11D0-8D11-00A0C91BC942}") = "study86", "study86\study86.vcxproj", "{484E520E-CEE9-4C06-8C0C-5F8E060BDCCE}"
EndProject
Project("{8BC9CEB8-8B4A-11D0-8D11-00A0C91BC942}") = "study87", "study87\study87.vcxproj", "{5ACF767D-53BD-4EBE-956E-3E687A52CDBD}"
EndProject
Project("{8BC9CEB8-8B4A-11D0-8D11-00A0C91BC942}") = "study88", "study88\study88.vcxproj", "{38D63201-66C7-4763-9636-91055345FE30}"
EndProject
Project("{8BC9CEB8-8B4A-11D0-8D11-00A0C91BC942}") = "study89", "study89\study89.vcxproj", "{A7BA3ACC-B028-4B17-9F61-2FF4DC1CAD19}"
EndProject
Project("{8BC9CEB8-8B4A-11D0-8D11-00A0C91BC942}") = "study90", "study90\study90.vcxproj", "{1CF4729F-8493-436A-B3AB-53D503938EF7}"
EndProject
Project("{8BC9CEB8-8B4A-11D0-8D11-00A0C91BC942}") = "study91", "study91\study91.vcxproj", "{4FDD42B0-35F9-4545-AA38-124DEF455751}"
EndProject
Project("{8BC9CEB8-8B4A-11D0-8D11-00A0C91BC942}") = "study92", "study92\study92.vcxproj", "{B540C288-2BD3-4EA0-83CB-E8D65484FED3}"
EndProject
Project("{8BC9CEB8-8B4A-11D0-8D11-00A0C91BC942}") = "study93", "study93\study93.vcxproj", "{9B321085-0279-49CA-8CB1-BDDB426798BD}"
EndProject
Project("{8BC9CEB8-8B4A-11D0-8D11-00A0C91BC942}") = "study94", "study94\study94.vcxproj", "{750B983E-023D-4AF0-859B-07126DED6A12}"
EndProject
Project("{8BC9CEB8-8B4A-11D0-8D11-00A0C91BC942}") = "study95", "study95\study95.vcxproj", "{A1E04814-5C0F-4A0C-A2ED-F5C2BA724792}"
EndProject
Project("{8BC9CEB8-8B4A-11D0-8D11-00A0C91BC942}") = "study96", "study96\study96.vcxproj", "{6D5F4847-D793-4C2D-BE83-162760BD4341}"
EndProject
Project("{8BC9CEB8-8B4A-11D0-8D11-00A0C91BC942}") = "study97", "study97\study97.vcxproj", "{C12935D3-FD58-4AA4-B371-B872288DF176}"
EndProject
Project("{8BC9CEB8-8B4A-11D0-8D11-00A0C91BC942}") = "study98", "study98\study98.vcxproj", "{CC6A434F-BB8B-4ED4-83C6-079878BCF625}"
EndProject
Project("{8BC9CEB8-8B4A-11D0-8D11-00A0C91BC942}") = "study99", "study99\study99.vcxproj", "{829CBC98-C772-4B97-805E-21598E3379DF}"
EndProject
Project("{8BC9CEB8-8B4A-11D0-8D11-00A0C91BC942}") = "study100", "study100\study100.vcxproj", "{86AA4293-1AA9-4F69-9CA6-19BB9D09927E}"
EndProject
Project("{8BC9CEB8-8B4A-11D0-8D11-00A0C91BC942}") = "study101", "study101\study101.vcxproj", "{340F4B41-015C-40DA-80B3-0FD4EF57EB9E}"
EndProject
Project("{8BC9CEB8-8B4A-11D0-8D11-00A0C91BC942}") = "study102", "study102\study102.vcxproj", "{5855D226-DF96-4ABE-BEE1-22597D1E8654}"
EndProject
Project("{8BC9CEB8-8B4A-11D0-8D11-00A0C91BC942}") = "study103", "study103\study103.vcxproj", "{DA3CCB10-595B-4657-852F-149E5B7273E6}"
EndProject
Project("{8BC9CEB8-8B4A-11D0-8D11-00A0C91BC942}") = "study104", "study104\study104.vcxproj", "{FF06DF2F-6ECD-485C-A179-727252E207AF}"
EndProject
Project("{8BC9CEB8-8B4A-11D0-8D11-00A0C91BC942}") = "study105", "study105\study105.vcxproj", "{B2501C10-A50F-467F-B471-00CF701D6C38}"
EndProject
Project("{8BC9CEB8-8B4A-11D0-8D11-00A0C91BC942}") = "study106", "study106\study106.vcxproj", "{5DCBF49D-9561-4C8D-A5F5-DC377BBE0C38}"
EndProject
Project("{8BC9CEB8-8B4A-11D0-8D11-00A0C91BC942}") = "study107", "study107\study107.vcxproj", "{DC2569CB-7259-4F93-9C62-13025A056FE5}"
EndProject
Project("{8BC9CEB8-8B4A-11D0-8D11-00A0C91BC942}") = "study108", "study108\study108.vcxproj", "{B405F0BC-0D78-4242-AB5D-8B701E0767C4}"
EndProject
Project("{8BC9CEB8-8B4A-11D0-8D11-00A0C91BC942}") = "study109", "study109\study109.vcxproj", "{7E34FCB9-6906-47F5-91DE-EA14C03BFD12}"
EndProject
Project("{8BC9CEB8-8B4A-11D0-8D11-00A0C91BC942}") = "study110", "study110\study110.vcxproj", "{08419B68-C118-40EF-9AF7-BCAFDE269935}"
EndProject
Project("{8BC9CEB8-8B4A-11D0-8D11-00A0C91BC942}") = "study111", "study111\study111.vcxproj", "{4F6C52E1-E2A5-451B-AD20-F1322B6E8871}"
EndProject
Project("{8BC9CEB8-8B4A-11D0-8D11-00A0C91BC942}") = "study112", "study112\study112.vcxproj", "{1045E48D-AC73-4B00-9921-F96D5E2764EA}"
EndProject
Project("{8BC9CEB8-8B4A-11D0-8D11-00A0C91BC942}") = "study113", "study113\study113.vcxproj", "{7CCE3066-6E26-4E6B-8E76-2D7913A7D5CA}"
EndProject
Project("{8BC9CEB8-8B4A-11D0-8D11-00A0C91BC942}") = "study114", "study114\study114.vcxproj", "{F9A39DC3-2917-46E2-9890-1D9D91422A6B}"
EndProject
Project("{8BC9CEB8-8B4A-11D0-8D11-00A0C91BC942}") = "study115", "study115\study115.vcxproj", "{F35F3372-5AB1-4557-9AA0-B11849637ED6}"
EndProject
Project("{8BC9CEB8-8B4A-11D0-8D11-00A0C91BC942}") = "study116", "study116\study116.vcxproj", "{9295C101-7094-4267-BDCA-644CBDF216E5}"
EndProject
Project("{8BC9CEB8-8B4A-11D0-8D11-00A0C91BC942}") = "study117", "study117\study117.vcxproj", "{60A2B75D-CCE8-46B8-A7FE-7AD8E45EA450}"
EndProject
Project("{8BC9CEB8-8B4A-11D0-8D11-00A0C91BC942}") = "study118", "study118\study118.vcxproj", "{E19E4F89-8BB1-4E52-BA41-CC9703233978}"
EndProject
Project("{8BC9CEB8-8B4A-11D0-8D11-00A0C91BC942}") = "study119", "study119\study119.vcxproj", "{33C830ED-AAA8-49A6-B359-EE101EA7F0E0}"
EndProject
Project("{8BC9CEB8-8B4A-11D0-8D11-00A0C91BC942}") = "study120", "study120\study120.vcxproj", "{524B3F09-76AA-4A21-BEC2-2BBC440D8DA5}"
EndProject
Project("{8BC9CEB8-8B4A-11D0-8D11-00A0C91BC942}") = "study121", "study121\study121.vcxproj", "{32A5AC15-3806-4D25-940C-05581CBF443D}"
EndProject
Project("{8BC9CEB8-8B4A-11D0-8D11-00A0C91BC942}") = "study122", "study122\study122.vcxproj", "{718F5209-6B20-46D5-AE7B-2187F20CE09B}"
EndProject
Project("{8BC9CEB8-8B4A-11D0-8D11-00A0C91BC942}") = "study123", "study123\study123.vcxproj", "{C9BB9742-C5CF-43E3-9E9C-C0FD3D2DAC57}"
EndProject
Project("{8BC9CEB8-8B4A-11D0-8D11-00A0C91BC942}") = "study124", "study124\study124.vcxproj", "{1F8B192F-EEEE-45FF-A285-718BE5DB905B}"
EndProject
Global
	GlobalSection(SolutionConfigurationPlatforms) = preSolution
		Debug|x64 = Debug|x64
		Debug|x86 = Debug|x86
		Release|x64 = Release|x64
		Release|x86 = Release|x86
	EndGlobalSection
	GlobalSection(ProjectConfigurationPlatforms) = postSolution
		{1CF73766-A810-43B2-A68D-33ADE866C690}.Debug|x64.ActiveCfg = Debug|x64
		{1CF73766-A810-43B2-A68D-33ADE866C690}.Debug|x64.Build.0 = Debug|x64
		{1CF73766-A810-43B2-A68D-33ADE866C690}.Debug|x86.ActiveCfg = Debug|Win32
		{1CF73766-A810-43B2-A68D-33ADE866C690}.Debug|x86.Build.0 = Debug|Win32
		{1CF73766-A810-43B2-A68D-33ADE866C690}.Release|x64.ActiveCfg = Release|x64
		{1CF73766-A810-43B2-A68D-33ADE866C690}.Release|x64.Build.0 = Release|x64
		{1CF73766-A810-43B2-A68D-33ADE866C690}.Release|x86.ActiveCfg = Release|Win32
		{1CF73766-A810-43B2-A68D-33ADE866C690}.Release|x86.Build.0 = Release|Win32
		{5479F70C-135A-465F-8B6E-3CC5063AC504}.Debug|x64.ActiveCfg = Debug|x64
		{5479F70C-135A-465F-8B6E-3CC5063AC504}.Debug|x64.Build.0 = Debug|x64
		{5479F70C-135A-465F-8B6E-3CC5063AC504}.Debug|x86.ActiveCfg = Debug|Win32
		{5479F70C-135A-465F-8B6E-3CC5063AC504}.Debug|x86.Build.0 = Debug|Win32
		{5479F70C-135A-465F-8B6E-3CC5063AC504}.Release|x64.ActiveCfg = Release|x64
		{5479F70C-135A-465F-8B6E-3CC5063AC504}.Release|x64.Build.0 = Release|x64
		{5479F70C-135A-465F-8B6E-3CC5063AC504}.Release|x86.ActiveCfg = Release|Win32
		{5479F70C-135A-465F-8B6E-3CC5063AC504}.Release|x86.Build.0 = Release|Win32
		{7EF64A09-5539-4379-92AF-F13BFD7ACD60}.Debug|x64.ActiveCfg = Debug|x64
		{7EF64A09-5539-4379-92AF-F13BFD7ACD60}.Debug|x64.Build.0 = Debug|x64
		{7EF64A09-5539-4379-92AF-F13BFD7ACD60}.Debug|x86.ActiveCfg = Debug|Win32
		{7EF64A09-5539-4379-92AF-F13BFD7ACD60}.Debug|x86.Build.0 = Debug|Win32
		{7EF64A09-5539-4379-92AF-F13BFD7ACD60}.Release|x64.ActiveCfg = Release|x64
		{7EF64A09-5539-4379-92AF-F13BFD7ACD60}.Release|x64.Build.0 = Release|x64
		{7EF64A09-5539-4379-92AF-F13BFD7ACD60}.Release|x86.ActiveCfg = Release|Win32
		{7EF64A09-5539-4379-92AF-F13BFD7ACD60}.Release|x86.Build.0 = Release|Win32
		{C6D924D6-E118-43DC-81D4-AE4140630101}.Debug|x64.ActiveCfg = Debug|x64
		{C6D924D6-E118-43DC-81D4-AE4140630101}.Debug|x64.Build.0 = Debug|x64
		{C6D924D6-E118-43DC-81D4-AE4140630101}.Debug|x86.ActiveCfg = Debug|Win32
		{C6D924D6-E118-43DC-81D4-AE4140630101}.Debug|x86.Build.0 = Debug|Win32
		{C6D924D6-E118-43DC-81D4-AE4140630101}.Release|x64.ActiveCfg = Release|x64
		{C6D924D6-E118-43DC-81D4-AE4140630101}.Release|x64.Build.0 = Release|x64
		{C6D924D6-E118-43DC-81D4-AE4140630101}.Release|x86.ActiveCfg = Release|Win32
		{C6D924D6-E118-43DC-81D4-AE4140630101}.Release|x86.Build.0 = Release|Win32
		{C3786E6C-362E-4C66-A445-87D0F73AC2B7}.Debug|x64.ActiveCfg = Debug|x64
		{C3786E6C-362E-4C66-A445-87D0F73AC2B7}.Debug|x64.Build.0 = Debug|x64
		{C3786E6C-362E-4C66-A445-87D0F73AC2B7}.Debug|x86.ActiveCfg = Debug|Win32
		{C3786E6C-362E-4C66-A445-87D0F73AC2B7}.Debug|x86.Build.0 = Debug|Win32
		{C3786E6C-362E-4C66-A445-87D0F73AC2B7}.Release|x64.ActiveCfg = Release|x64
		{C3786E6C-362E-4C66-A445-87D0F73AC2B7}.Release|x64.Build.0 = Release|x64
		{C3786E6C-362E-4C66-A445-87D0F73AC2B7}.Release|x86.ActiveCfg = Release|Win32
		{C3786E6C-362E-4C66-A445-87D0F73AC2B7}.Release|x86.Build.0 = Release|Win32
		{E6919A72-D30A-4D1F-809E-5EBBAB603030}.Debug|x64.ActiveCfg = Debug|x64
		{E6919A72-D30A-4D1F-809E-5EBBAB603030}.Debug|x64.Build.0 = Debug|x64
		{E6919A72-D30A-4D1F-809E-5EBBAB603030}.Debug|x86.ActiveCfg = Debug|Win32
		{E6919A72-D30A-4D1F-809E-5EBBAB603030}.Debug|x86.Build.0 = Debug|Win32
		{E6919A72-D30A-4D1F-809E-5EBBAB603030}.Release|x64.ActiveCfg = Release|x64
		{E6919A72-D30A-4D1F-809E-5EBBAB603030}.Release|x64.Build.0 = Release|x64
		{E6919A72-D30A-4D1F-809E-5EBBAB603030}.Release|x86.ActiveCfg = Release|Win32
		{E6919A72-D30A-4D1F-809E-5EBBAB603030}.Release|x86.Build.0 = Release|Win32
		{0598990F-FB25-4DFB-B8F7-C3055005FDCA}.Debug|x64.ActiveCfg = Debug|x64
		{0598990F-FB25-4DFB-B8F7-C3055005FDCA}.Debug|x64.Build.0 = Debug|x64
		{0598990F-FB25-4DFB-B8F7-C3055005FDCA}.Debug|x86.ActiveCfg = Debug|Win32
		{0598990F-FB25-4DFB-B8F7-C3055005FDCA}.Debug|x86.Build.0 = Debug|Win32
		{0598990F-FB25-4DFB-B8F7-C3055005FDCA}.Release|x64.ActiveCfg = Release|x64
		{0598990F-FB25-4DFB-B8F7-C3055005FDCA}.Release|x64.Build.0 = Release|x64
		{0598990F-FB25-4DFB-B8F7-C3055005FDCA}.Release|x86.ActiveCfg = Release|Win32
		{0598990F-FB25-4DFB-B8F7-C3055005FDCA}.Release|x86.Build.0 = Release|Win32
		{6873BE78-0706-42FF-9320-124D1E85B3FB}.Debug|x64.ActiveCfg = Debug|x64
		{6873BE78-0706-42FF-9320-124D1E85B3FB}.Debug|x64.Build.0 = Debug|x64
		{6873BE78-0706-42FF-9320-124D1E85B3FB}.Debug|x86.ActiveCfg = Debug|Win32
		{6873BE78-0706-42FF-9320-124D1E85B3FB}.Debug|x86.Build.0 = Debug|Win32
		{6873BE78-0706-42FF-9320-124D1E85B3FB}.Release|x64.ActiveCfg = Release|x64
		{6873BE78-0706-42FF-9320-124D1E85B3FB}.Release|x64.Build.0 = Release|x64
		{6873BE78-0706-42FF-9320-124D1E85B3FB}.Release|x86.ActiveCfg = Release|Win32
		{6873BE78-0706-42FF-9320-124D1E85B3FB}.Release|x86.Build.0 = Release|Win32
		{2E3138BA-BB6D-43F1-9646-8D58FA0501FB}.Debug|x64.ActiveCfg = Debug|x64
		{2E3138BA-BB6D-43F1-9646-8D58FA0501FB}.Debug|x64.Build.0 = Debug|x64
		{2E3138BA-BB6D-43F1-9646-8D58FA0501FB}.Debug|x86.ActiveCfg = Debug|Win32
		{2E3138BA-BB6D-43F1-9646-8D58FA0501FB}.Debug|x86.Build.0 = Debug|Win32
		{2E3138BA-BB6D-43F1-9646-8D58FA0501FB}.Release|x64.ActiveCfg = Release|x64
		{2E3138BA-BB6D-43F1-9646-8D58FA0501FB}.Release|x64.Build.0 = Release|x64
		{2E3138BA-BB6D-43F1-9646-8D58FA0501FB}.Release|x86.ActiveCfg = Release|Win32
		{2E3138BA-BB6D-43F1-9646-8D58FA0501FB}.Release|x86.Build.0 = Release|Win32
		{FEB783FA-112A-42BA-BF30-487B93B8231F}.Debug|x64.ActiveCfg = Debug|x64
		{FEB783FA-112A-42BA-BF30-487B93B8231F}.Debug|x64.Build.0 = Debug|x64
		{FEB783FA-112A-42BA-BF30-487B93B8231F}.Debug|x86.ActiveCfg = Debug|Win32
		{FEB783FA-112A-42BA-BF30-487B93B8231F}.Debug|x86.Build.0 = Debug|Win32
		{FEB783FA-112A-42BA-BF30-487B93B8231F}.Release|x64.ActiveCfg = Release|x64
		{FEB783FA-112A-42BA-BF30-487B93B8231F}.Release|x64.Build.0 = Release|x64
		{FEB783FA-112A-42BA-BF30-487B93B8231F}.Release|x86.ActiveCfg = Release|Win32
		{FEB783FA-112A-42BA-BF30-487B93B8231F}.Release|x86.Build.0 = Release|Win32
		{3D6C5817-2F95-42C8-8115-F10CC130BD3B}.Debug|x64.ActiveCfg = Debug|x64
		{3D6C5817-2F95-42C8-8115-F10CC130BD3B}.Debug|x64.Build.0 = Debug|x64
		{3D6C5817-2F95-42C8-8115-F10CC130BD3B}.Debug|x86.ActiveCfg = Debug|Win32
		{3D6C5817-2F95-42C8-8115-F10CC130BD3B}.Debug|x86.Build.0 = Debug|Win32
		{3D6C5817-2F95-42C8-8115-F10CC130BD3B}.Release|x64.ActiveCfg = Release|x64
		{3D6C5817-2F95-42C8-8115-F10CC130BD3B}.Release|x64.Build.0 = Release|x64
		{3D6C5817-2F95-42C8-8115-F10CC130BD3B}.Release|x86.ActiveCfg = Release|Win32
		{3D6C5817-2F95-42C8-8115-F10CC130BD3B}.Release|x86.Build.0 = Release|Win32
		{E000E001-FA20-4AA5-B793-FDE3D62BE79F}.Debug|x64.ActiveCfg = Debug|x64
		{E000E001-FA20-4AA5-B793-FDE3D62BE79F}.Debug|x64.Build.0 = Debug|x64
		{E000E001-FA20-4AA5-B793-FDE3D62BE79F}.Debug|x86.ActiveCfg = Debug|Win32
		{E000E001-FA20-4AA5-B793-FDE3D62BE79F}.Debug|x86.Build.0 = Debug|Win32
		{E000E001-FA20-4AA5-B793-FDE3D62BE79F}.Release|x64.ActiveCfg = Release|x64
		{E000E001-FA20-4AA5-B793-FDE3D62BE79F}.Release|x64.Build.0 = Release|x64
		{E000E001-FA20-4AA5-B793-FDE3D62BE79F}.Release|x86.ActiveCfg = Release|Win32
		{E000E001-FA20-4AA5-B793-FDE3D62BE79F}.Release|x86.Build.0 = Release|Win32
		{6DB45A32-B094-4703-B212-82E1CE3BD91A}.Debug|x64.ActiveCfg = Debug|x64
		{6DB45A32-B094-4703-B212-82E1CE3BD91A}.Debug|x64.Build.0 = Debug|x64
		{6DB45A32-B094-4703-B212-82E1CE3BD91A}.Debug|x86.ActiveCfg = Debug|Win32
		{6DB45A32-B094-4703-B212-82E1CE3BD91A}.Debug|x86.Build.0 = Debug|Win32
		{6DB45A32-B094-4703-B212-82E1CE3BD91A}.Release|x64.ActiveCfg = Release|x64
		{6DB45A32-B094-4703-B212-82E1CE3BD91A}.Release|x64.Build.0 = Release|x64
		{6DB45A32-B094-4703-B212-82E1CE3BD91A}.Release|x86.ActiveCfg = Release|Win32
		{6DB45A32-B094-4703-B212-82E1CE3BD91A}.Release|x86.Build.0 = Release|Win32
		{E2D2A80B-B73E-46FF-940A-ED64BCFCE4F6}.Debug|x64.ActiveCfg = Debug|x64
		{E2D2A80B-B73E-46FF-940A-ED64BCFCE4F6}.Debug|x64.Build.0 = Debug|x64
		{E2D2A80B-B73E-46FF-940A-ED64BCFCE4F6}.Debug|x86.ActiveCfg = Debug|Win32
		{E2D2A80B-B73E-46FF-940A-ED64BCFCE4F6}.Debug|x86.Build.0 = Debug|Win32
		{E2D2A80B-B73E-46FF-940A-ED64BCFCE4F6}.Release|x64.ActiveCfg = Release|x64
		{E2D2A80B-B73E-46FF-940A-ED64BCFCE4F6}.Release|x64.Build.0 = Release|x64
		{E2D2A80B-B73E-46FF-940A-ED64BCFCE4F6}.Release|x86.ActiveCfg = Release|Win32
		{E2D2A80B-B73E-46FF-940A-ED64BCFCE4F6}.Release|x86.Build.0 = Release|Win32
		{AAA5EF2E-491B-4A6B-A019-B9429191B6C4}.Debug|x64.ActiveCfg = Debug|x64
		{AAA5EF2E-491B-4A6B-A019-B9429191B6C4}.Debug|x64.Build.0 = Debug|x64
		{AAA5EF2E-491B-4A6B-A019-B9429191B6C4}.Debug|x86.ActiveCfg = Debug|Win32
		{AAA5EF2E-491B-4A6B-A019-B9429191B6C4}.Debug|x86.Build.0 = Debug|Win32
		{AAA5EF2E-491B-4A6B-A019-B9429191B6C4}.Release|x64.ActiveCfg = Release|x64
		{AAA5EF2E-491B-4A6B-A019-B9429191B6C4}.Release|x64.Build.0 = Release|x64
		{AAA5EF2E-491B-4A6B-A019-B9429191B6C4}.Release|x86.ActiveCfg = Release|Win32
		{AAA5EF2E-491B-4A6B-A019-B9429191B6C4}.Release|x86.Build.0 = Release|Win32
		{CCD744D0-F41D-4483-A8DE-48C16E6F3C06}.Debug|x64.ActiveCfg = Debug|x64
		{CCD744D0-F41D-4483-A8DE-48C16E6F3C06}.Debug|x64.Build.0 = Debug|x64
		{CCD744D0-F41D-4483-A8DE-48C16E6F3C06}.Debug|x86.ActiveCfg = Debug|Win32
		{CCD744D0-F41D-4483-A8DE-48C16E6F3C06}.Debug|x86.Build.0 = Debug|Win32
		{CCD744D0-F41D-4483-A8DE-48C16E6F3C06}.Release|x64.ActiveCfg = Release|x64
		{CCD744D0-F41D-4483-A8DE-48C16E6F3C06}.Release|x64.Build.0 = Release|x64
		{CCD744D0-F41D-4483-A8DE-48C16E6F3C06}.Release|x86.ActiveCfg = Release|Win32
		{CCD744D0-F41D-4483-A8DE-48C16E6F3C06}.Release|x86.Build.0 = Release|Win32
		{2329337E-DDD6-4257-871A-D987A26AB8D0}.Debug|x64.ActiveCfg = Debug|x64
		{2329337E-DDD6-4257-871A-D987A26AB8D0}.Debug|x64.Build.0 = Debug|x64
		{2329337E-DDD6-4257-871A-D987A26AB8D0}.Debug|x86.ActiveCfg = Debug|Win32
		{2329337E-DDD6-4257-871A-D987A26AB8D0}.Debug|x86.Build.0 = Debug|Win32
		{2329337E-DDD6-4257-871A-D987A26AB8D0}.Release|x64.ActiveCfg = Release|x64
		{2329337E-DDD6-4257-871A-D987A26AB8D0}.Release|x64.Build.0 = Release|x64
		{2329337E-DDD6-4257-871A-D987A26AB8D0}.Release|x86.ActiveCfg = Release|Win32
		{2329337E-DDD6-4257-871A-D987A26AB8D0}.Release|x86.Build.0 = Release|Win32
		{6B0FCF02-E538-4D8D-9B53-EDCA1FB37953}.Debug|x64.ActiveCfg = Debug|x64
		{6B0FCF02-E538-4D8D-9B53-EDCA1FB37953}.Debug|x64.Build.0 = Debug|x64
		{6B0FCF02-E538-4D8D-9B53-EDCA1FB37953}.Debug|x86.ActiveCfg = Debug|Win32
		{6B0FCF02-E538-4D8D-9B53-EDCA1FB37953}.Debug|x86.Build.0 = Debug|Win32
		{6B0FCF02-E538-4D8D-9B53-EDCA1FB37953}.Release|x64.ActiveCfg = Release|x64
		{6B0FCF02-E538-4D8D-9B53-EDCA1FB37953}.Release|x64.Build.0 = Release|x64
		{6B0FCF02-E538-4D8D-9B53-EDCA1FB37953}.Release|x86.ActiveCfg = Release|Win32
		{6B0FCF02-E538-4D8D-9B53-EDCA1FB37953}.Release|x86.Build.0 = Release|Win32
		{8EA74103-6C15-483F-B7C5-42CDEE3ECF3F}.Debug|x64.ActiveCfg = Debug|x64
		{8EA74103-6C15-483F-B7C5-42CDEE3ECF3F}.Debug|x64.Build.0 = Debug|x64
		{8EA74103-6C15-483F-B7C5-42CDEE3ECF3F}.Debug|x86.ActiveCfg = Debug|Win32
		{8EA74103-6C15-483F-B7C5-42CDEE3ECF3F}.Debug|x86.Build.0 = Debug|Win32
		{8EA74103-6C15-483F-B7C5-42CDEE3ECF3F}.Release|x64.ActiveCfg = Release|x64
		{8EA74103-6C15-483F-B7C5-42CDEE3ECF3F}.Release|x64.Build.0 = Release|x64
		{8EA74103-6C15-483F-B7C5-42CDEE3ECF3F}.Release|x86.ActiveCfg = Release|Win32
		{8EA74103-6C15-483F-B7C5-42CDEE3ECF3F}.Release|x86.Build.0 = Release|Win32
		{320BBC64-2091-4D98-8ABF-DDB19B3A961A}.Debug|x64.ActiveCfg = Debug|x64
		{320BBC64-2091-4D98-8ABF-DDB19B3A961A}.Debug|x64.Build.0 = Debug|x64
		{320BBC64-2091-4D98-8ABF-DDB19B3A961A}.Debug|x86.ActiveCfg = Debug|Win32
		{320BBC64-2091-4D98-8ABF-DDB19B3A961A}.Debug|x86.Build.0 = Debug|Win32
		{320BBC64-2091-4D98-8ABF-DDB19B3A961A}.Release|x64.ActiveCfg = Release|x64
		{320BBC64-2091-4D98-8ABF-DDB19B3A961A}.Release|x64.Build.0 = Release|x64
		{320BBC64-2091-4D98-8ABF-DDB19B3A961A}.Release|x86.ActiveCfg = Release|Win32
		{320BBC64-2091-4D98-8ABF-DDB19B3A961A}.Release|x86.Build.0 = Release|Win32
		{28F202C2-7CA9-4517-AF02-6B5ACBC607E0}.Debug|x64.ActiveCfg = Debug|x64
		{28F202C2-7CA9-4517-AF02-6B5ACBC607E0}.Debug|x64.Build.0 = Debug|x64
		{28F202C2-7CA9-4517-AF02-6B5ACBC607E0}.Debug|x86.ActiveCfg = Debug|Win32
		{28F202C2-7CA9-4517-AF02-6B5ACBC607E0}.Debug|x86.Build.0 = Debug|Win32
		{28F202C2-7CA9-4517-AF02-6B5ACBC607E0}.Release|x64.ActiveCfg = Release|x64
		{28F202C2-7CA9-4517-AF02-6B5ACBC607E0}.Release|x64.Build.0 = Release|x64
		{28F202C2-7CA9-4517-AF02-6B5ACBC607E0}.Release|x86.ActiveCfg = Release|Win32
		{28F202C2-7CA9-4517-AF02-6B5ACBC607E0}.Release|x86.Build.0 = Release|Win32
		{4F00D75A-8913-4C09-839F-382D6EB399BC}.Debug|x64.ActiveCfg = Debug|x64
		{4F00D75A-8913-4C09-839F-382D6EB399BC}.Debug|x64.Build.0 = Debug|x64
		{4F00D75A-8913-4C09-839F-382D6EB399BC}.Debug|x86.ActiveCfg = Debug|Win32
		{4F00D75A-8913-4C09-839F-382D6EB399BC}.Debug|x86.Build.0 = Debug|Win32
		{4F00D75A-8913-4C09-839F-382D6EB399BC}.Release|x64.ActiveCfg = Release|x64
		{4F00D75A-8913-4C09-839F-382D6EB399BC}.Release|x64.Build.0 = Release|x64
		{4F00D75A-8913-4C09-839F-382D6EB399BC}.Release|x86.ActiveCfg = Release|Win32
		{4F00D75A-8913-4C09-839F-382D6EB399BC}.Release|x86.Build.0 = Release|Win32
		{9AC40C0D-6EC2-4EE4-81D5-2FF4E9376635}.Debug|x64.ActiveCfg = Debug|x64
		{9AC40C0D-6EC2-4EE4-81D5-2FF4E9376635}.Debug|x64.Build.0 = Debug|x64
		{9AC40C0D-6EC2-4EE4-81D5-2FF4E9376635}.Debug|x86.ActiveCfg = Debug|Win32
		{9AC40C0D-6EC2-4EE4-81D5-2FF4E9376635}.Debug|x86.Build.0 = Debug|Win32
		{9AC40C0D-6EC2-4EE4-81D5-2FF4E9376635}.Release|x64.ActiveCfg = Release|x64
		{9AC40C0D-6EC2-4EE4-81D5-2FF4E9376635}.Release|x64.Build.0 = Release|x64
		{9AC40C0D-6EC2-4EE4-81D5-2FF4E9376635}.Release|x86.ActiveCfg = Release|Win32
		{9AC40C0D-6EC2-4EE4-81D5-2FF4E9376635}.Release|x86.Build.0 = Release|Win32
		{4E65C14A-CCC6-4F7E-AA2A-239BD29160B2}.Debug|x64.ActiveCfg = Debug|x64
		{4E65C14A-CCC6-4F7E-AA2A-239BD29160B2}.Debug|x64.Build.0 = Debug|x64
		{4E65C14A-CCC6-4F7E-AA2A-239BD29160B2}.Debug|x86.ActiveCfg = Debug|Win32
		{4E65C14A-CCC6-4F7E-AA2A-239BD29160B2}.Debug|x86.Build.0 = Debug|Win32
		{4E65C14A-CCC6-4F7E-AA2A-239BD29160B2}.Release|x64.ActiveCfg = Release|x64
		{4E65C14A-CCC6-4F7E-AA2A-239BD29160B2}.Release|x64.Build.0 = Release|x64
		{4E65C14A-CCC6-4F7E-AA2A-239BD29160B2}.Release|x86.ActiveCfg = Release|Win32
		{4E65C14A-CCC6-4F7E-AA2A-239BD29160B2}.Release|x86.Build.0 = Release|Win32
		{CFEF733C-8100-42CA-9ED2-B82E95E92DD9}.Debug|x64.ActiveCfg = Debug|x64
		{CFEF733C-8100-42CA-9ED2-B82E95E92DD9}.Debug|x64.Build.0 = Debug|x64
		{CFEF733C-8100-42CA-9ED2-B82E95E92DD9}.Debug|x86.ActiveCfg = Debug|Win32
		{CFEF733C-8100-42CA-9ED2-B82E95E92DD9}.Debug|x86.Build.0 = Debug|Win32
		{CFEF733C-8100-42CA-9ED2-B82E95E92DD9}.Release|x64.ActiveCfg = Release|x64
		{CFEF733C-8100-42CA-9ED2-B82E95E92DD9}.Release|x64.Build.0 = Release|x64
		{CFEF733C-8100-42CA-9ED2-B82E95E92DD9}.Release|x86.ActiveCfg = Release|Win32
		{CFEF733C-8100-42CA-9ED2-B82E95E92DD9}.Release|x86.Build.0 = Release|Win32
		{43EE6229-6D03-4544-A270-71BEB18DD43D}.Debug|x64.ActiveCfg = Debug|x64
		{43EE6229-6D03-4544-A270-71BEB18DD43D}.Debug|x64.Build.0 = Debug|x64
		{43EE6229-6D03-4544-A270-71BEB18DD43D}.Debug|x86.ActiveCfg = Debug|Win32
		{43EE6229-6D03-4544-A270-71BEB18DD43D}.Debug|x86.Build.0 = Debug|Win32
		{43EE6229-6D03-4544-A270-71BEB18DD43D}.Release|x64.ActiveCfg = Release|x64
		{43EE6229-6D03-4544-A270-71BEB18DD43D}.Release|x64.Build.0 = Release|x64
		{43EE6229-6D03-4544-A270-71BEB18DD43D}.Release|x86.ActiveCfg = Release|Win32
		{43EE6229-6D03-4544-A270-71BEB18DD43D}.Release|x86.Build.0 = Release|Win32
		{E5F25C18-A74F-4A99-9856-0B70142A78CC}.Debug|x64.ActiveCfg = Debug|x64
		{E5F25C18-A74F-4A99-9856-0B70142A78CC}.Debug|x64.Build.0 = Debug|x64
		{E5F25C18-A74F-4A99-9856-0B70142A78CC}.Debug|x86.ActiveCfg = Debug|Win32
		{E5F25C18-A74F-4A99-9856-0B70142A78CC}.Debug|x86.Build.0 = Debug|Win32
		{E5F25C18-A74F-4A99-9856-0B70142A78CC}.Release|x64.ActiveCfg = Release|x64
		{E5F25C18-A74F-4A99-9856-0B70142A78CC}.Release|x64.Build.0 = Release|x64
		{E5F25C18-A74F-4A99-9856-0B70142A78CC}.Release|x86.ActiveCfg = Release|Win32
		{E5F25C18-A74F-4A99-9856-0B70142A78CC}.Release|x86.Build.0 = Release|Win32
		{F89D0C77-D6E6-4EB0-ACD6-242C84DA30FF}.Debug|x64.ActiveCfg = Debug|x64
		{F89D0C77-D6E6-4EB0-ACD6-242C84DA30FF}.Debug|x64.Build.0 = Debug|x64
		{F89D0C77-D6E6-4EB0-ACD6-242C84DA30FF}.Debug|x86.ActiveCfg = Debug|Win32
		{F89D0C77-D6E6-4EB0-ACD6-242C84DA30FF}.Debug|x86.Build.0 = Debug|Win32
		{F89D0C77-D6E6-4EB0-ACD6-242C84DA30FF}.Release|x64.ActiveCfg = Release|x64
		{F89D0C77-D6E6-4EB0-ACD6-242C84DA30FF}.Release|x64.Build.0 = Release|x64
		{F89D0C77-D6E6-4EB0-ACD6-242C84DA30FF}.Release|x86.ActiveCfg = Release|Win32
		{F89D0C77-D6E6-4EB0-ACD6-242C84DA30FF}.Release|x86.Build.0 = Release|Win32
		{DC778B8C-B9BC-4EAA-AAF6-ADAAB721839D}.Debug|x64.ActiveCfg = Debug|x64
		{DC778B8C-B9BC-4EAA-AAF6-ADAAB721839D}.Debug|x64.Build.0 = Debug|x64
		{DC778B8C-B9BC-4EAA-AAF6-ADAAB721839D}.Debug|x86.ActiveCfg = Debug|Win32
		{DC778B8C-B9BC-4EAA-AAF6-ADAAB721839D}.Debug|x86.Build.0 = Debug|Win32
		{DC778B8C-B9BC-4EAA-AAF6-ADAAB721839D}.Release|x64.ActiveCfg = Release|x64
		{DC778B8C-B9BC-4EAA-AAF6-ADAAB721839D}.Release|x64.Build.0 = Release|x64
		{DC778B8C-B9BC-4EAA-AAF6-ADAAB721839D}.Release|x86.ActiveCfg = Release|Win32
		{DC778B8C-B9BC-4EAA-AAF6-ADAAB721839D}.Release|x86.Build.0 = Release|Win32
		{5C67520E-84FD-4673-8C4F-E5206DC71940}.Debug|x64.ActiveCfg = Debug|x64
		{5C67520E-84FD-4673-8C4F-E5206DC71940}.Debug|x64.Build.0 = Debug|x64
		{5C67520E-84FD-4673-8C4F-E5206DC71940}.Debug|x86.ActiveCfg = Debug|Win32
		{5C67520E-84FD-4673-8C4F-E5206DC71940}.Debug|x86.Build.0 = Debug|Win32
		{5C67520E-84FD-4673-8C4F-E5206DC71940}.Release|x64.ActiveCfg = Release|x64
		{5C67520E-84FD-4673-8C4F-E5206DC71940}.Release|x64.Build.0 = Release|x64
		{5C67520E-84FD-4673-8C4F-E5206DC71940}.Release|x86.ActiveCfg = Release|Win32
		{5C67520E-84FD-4673-8C4F-E5206DC71940}.Release|x86.Build.0 = Release|Win32
		{F921D2CF-6066-4FAD-A0D2-EDFE7C3B95CD}.Debug|x64.ActiveCfg = Debug|x64
		{F921D2CF-6066-4FAD-A0D2-EDFE7C3B95CD}.Debug|x64.Build.0 = Debug|x64
		{F921D2CF-6066-4FAD-A0D2-EDFE7C3B95CD}.Debug|x86.ActiveCfg = Debug|Win32
		{F921D2CF-6066-4FAD-A0D2-EDFE7C3B95CD}.Debug|x86.Build.0 = Debug|Win32
		{F921D2CF-6066-4FAD-A0D2-EDFE7C3B95CD}.Release|x64.ActiveCfg = Release|x64
		{F921D2CF-6066-4FAD-A0D2-EDFE7C3B95CD}.Release|x64.Build.0 = Release|x64
		{F921D2CF-6066-4FAD-A0D2-EDFE7C3B95CD}.Release|x86.ActiveCfg = Release|Win32
		{F921D2CF-6066-4FAD-A0D2-EDFE7C3B95CD}.Release|x86.Build.0 = Release|Win32
		{48924C1F-DA15-473A-9612-F0446441C054}.Debug|x64.ActiveCfg = Debug|x64
		{48924C1F-DA15-473A-9612-F0446441C054}.Debug|x64.Build.0 = Debug|x64
		{48924C1F-DA15-473A-9612-F0446441C054}.Debug|x86.ActiveCfg = Debug|Win32
		{48924C1F-DA15-473A-9612-F0446441C054}.Debug|x86.Build.0 = Debug|Win32
		{48924C1F-DA15-473A-9612-F0446441C054}.Release|x64.ActiveCfg = Release|x64
		{48924C1F-DA15-473A-9612-F0446441C054}.Release|x64.Build.0 = Release|x64
		{48924C1F-DA15-473A-9612-F0446441C054}.Release|x86.ActiveCfg = Release|Win32
		{48924C1F-DA15-473A-9612-F0446441C054}.Release|x86.Build.0 = Release|Win32
		{6FD84B5D-4157-40FB-815A-2E36D2053B8D}.Debug|x64.ActiveCfg = Debug|x64
		{6FD84B5D-4157-40FB-815A-2E36D2053B8D}.Debug|x64.Build.0 = Debug|x64
		{6FD84B5D-4157-40FB-815A-2E36D2053B8D}.Debug|x86.ActiveCfg = Debug|Win32
		{6FD84B5D-4157-40FB-815A-2E36D2053B8D}.Debug|x86.Build.0 = Debug|Win32
		{6FD84B5D-4157-40FB-815A-2E36D2053B8D}.Release|x64.ActiveCfg = Release|x64
		{6FD84B5D-4157-40FB-815A-2E36D2053B8D}.Release|x64.Build.0 = Release|x64
		{6FD84B5D-4157-40FB-815A-2E36D2053B8D}.Release|x86.ActiveCfg = Release|Win32
		{6FD84B5D-4157-40FB-815A-2E36D2053B8D}.Release|x86.Build.0 = Release|Win32
		{51F54242-C065-42BD-A2AD-CB5B0554A87B}.Debug|x64.ActiveCfg = Debug|x64
		{51F54242-C065-42BD-A2AD-CB5B0554A87B}.Debug|x64.Build.0 = Debug|x64
		{51F54242-C065-42BD-A2AD-CB5B0554A87B}.Debug|x86.ActiveCfg = Debug|Win32
		{51F54242-C065-42BD-A2AD-CB5B0554A87B}.Debug|x86.Build.0 = Debug|Win32
		{51F54242-C065-42BD-A2AD-CB5B0554A87B}.Release|x64.ActiveCfg = Release|x64
		{51F54242-C065-42BD-A2AD-CB5B0554A87B}.Release|x64.Build.0 = Release|x64
		{51F54242-C065-42BD-A2AD-CB5B0554A87B}.Release|x86.ActiveCfg = Release|Win32
		{51F54242-C065-42BD-A2AD-CB5B0554A87B}.Release|x86.Build.0 = Release|Win32
		{1A6BF26C-BBDF-431D-8DBB-909C3DDC3339}.Debug|x64.ActiveCfg = Debug|x64
		{1A6BF26C-BBDF-431D-8DBB-909C3DDC3339}.Debug|x64.Build.0 = Debug|x64
		{1A6BF26C-BBDF-431D-8DBB-909C3DDC3339}.Debug|x86.ActiveCfg = Debug|Win32
		{1A6BF26C-BBDF-431D-8DBB-909C3DDC3339}.Debug|x86.Build.0 = Debug|Win32
		{1A6BF26C-BBDF-431D-8DBB-909C3DDC3339}.Release|x64.ActiveCfg = Release|x64
		{1A6BF26C-BBDF-431D-8DBB-909C3DDC3339}.Release|x64.Build.0 = Release|x64
		{1A6BF26C-BBDF-431D-8DBB-909C3DDC3339}.Release|x86.ActiveCfg = Release|Win32
		{1A6BF26C-BBDF-431D-8DBB-909C3DDC3339}.Release|x86.Build.0 = Release|Win32
		{88EB8C0A-69B3-4A25-A5D9-955BB53BA1EB}.Debug|x64.ActiveCfg = Debug|x64
		{88EB8C0A-69B3-4A25-A5D9-955BB53BA1EB}.Debug|x64.Build.0 = Debug|x64
		{88EB8C0A-69B3-4A25-A5D9-955BB53BA1EB}.Debug|x86.ActiveCfg = Debug|Win32
		{88EB8C0A-69B3-4A25-A5D9-955BB53BA1EB}.Debug|x86.Build.0 = Debug|Win32
		{88EB8C0A-69B3-4A25-A5D9-955BB53BA1EB}.Release|x64.ActiveCfg = Release|x64
		{88EB8C0A-69B3-4A25-A5D9-955BB53BA1EB}.Release|x64.Build.0 = Release|x64
		{88EB8C0A-69B3-4A25-A5D9-955BB53BA1EB}.Release|x86.ActiveCfg = Release|Win32
		{88EB8C0A-69B3-4A25-A5D9-955BB53BA1EB}.Release|x86.Build.0 = Release|Win32
		{A2EBFF64-2E13-4863-92AE-ADCECA6C497D}.Debug|x64.ActiveCfg = Debug|x64
		{A2EBFF64-2E13-4863-92AE-ADCECA6C497D}.Debug|x64.Build.0 = Debug|x64
		{A2EBFF64-2E13-4863-92AE-ADCECA6C497D}.Debug|x86.ActiveCfg = Debug|Win32
		{A2EBFF64-2E13-4863-92AE-ADCECA6C497D}.Debug|x86.Build.0 = Debug|Win32
		{A2EBFF64-2E13-4863-92AE-ADCECA6C497D}.Release|x64.ActiveCfg = Release|x64
		{A2EBFF64-2E13-4863-92AE-ADCECA6C497D}.Release|x64.Build.0 = Release|x64
		{A2EBFF64-2E13-4863-92AE-ADCECA6C497D}.Release|x86.ActiveCfg = Release|Win32
		{A2EBFF64-2E13-4863-92AE-ADCECA6C497D}.Release|x86.Build.0 = Release|Win32
		{E13D34F0-C8F1-42A1-88EB-7AC471E7FBE3}.Debug|x64.ActiveCfg = Debug|x64
		{E13D34F0-C8F1-42A1-88EB-7AC471E7FBE3}.Debug|x64.Build.0 = Debug|x64
		{E13D34F0-C8F1-42A1-88EB-7AC471E7FBE3}.Debug|x86.ActiveCfg = Debug|Win32
		{E13D34F0-C8F1-42A1-88EB-7AC471E7FBE3}.Debug|x86.Build.0 = Debug|Win32
		{E13D34F0-C8F1-42A1-88EB-7AC471E7FBE3}.Release|x64.ActiveCfg = Release|x64
		{E13D34F0-C8F1-42A1-88EB-7AC471E7FBE3}.Release|x64.Build.0 = Release|x64
		{E13D34F0-C8F1-42A1-88EB-7AC471E7FBE3}.Release|x86.ActiveCfg = Release|Win32
		{E13D34F0-C8F1-42A1-88EB-7AC471E7FBE3}.Release|x86.Build.0 = Release|Win32
		{67DB4366-2BD1-45DF-9FAC-471DD94A3038}.Debug|x64.ActiveCfg = Debug|x64
		{67DB4366-2BD1-45DF-9FAC-471DD94A3038}.Debug|x64.Build.0 = Debug|x64
		{67DB4366-2BD1-45DF-9FAC-471DD94A3038}.Debug|x86.ActiveCfg = Debug|Win32
		{67DB4366-2BD1-45DF-9FAC-471DD94A3038}.Debug|x86.Build.0 = Debug|Win32
		{67DB4366-2BD1-45DF-9FAC-471DD94A3038}.Release|x64.ActiveCfg = Release|x64
		{67DB4366-2BD1-45DF-9FAC-471DD94A3038}.Release|x64.Build.0 = Release|x64
		{67DB4366-2BD1-45DF-9FAC-471DD94A3038}.Release|x86.ActiveCfg = Release|Win32
		{67DB4366-2BD1-45DF-9FAC-471DD94A3038}.Release|x86.Build.0 = Release|Win32
		{9F319878-6B86-476F-ADDA-EC1FB5D34E9F}.Debug|x64.ActiveCfg = Debug|x64
		{9F319878-6B86-476F-ADDA-EC1FB5D34E9F}.Debug|x64.Build.0 = Debug|x64
		{9F319878-6B86-476F-ADDA-EC1FB5D34E9F}.Debug|x86.ActiveCfg = Debug|Win32
		{9F319878-6B86-476F-ADDA-EC1FB5D34E9F}.Debug|x86.Build.0 = Debug|Win32
		{9F319878-6B86-476F-ADDA-EC1FB5D34E9F}.Release|x64.ActiveCfg = Release|x64
		{9F319878-6B86-476F-ADDA-EC1FB5D34E9F}.Release|x64.Build.0 = Release|x64
		{9F319878-6B86-476F-ADDA-EC1FB5D34E9F}.Release|x86.ActiveCfg = Release|Win32
		{9F319878-6B86-476F-ADDA-EC1FB5D34E9F}.Release|x86.Build.0 = Release|Win32
		{1DF639D4-C602-4A2F-90E8-C22085F07728}.Debug|x64.ActiveCfg = Debug|x64
		{1DF639D4-C602-4A2F-90E8-C22085F07728}.Debug|x64.Build.0 = Debug|x64
		{1DF639D4-C602-4A2F-90E8-C22085F07728}.Debug|x86.ActiveCfg = Debug|Win32
		{1DF639D4-C602-4A2F-90E8-C22085F07728}.Debug|x86.Build.0 = Debug|Win32
		{1DF639D4-C602-4A2F-90E8-C22085F07728}.Release|x64.ActiveCfg = Release|x64
		{1DF639D4-C602-4A2F-90E8-C22085F07728}.Release|x64.Build.0 = Release|x64
		{1DF639D4-C602-4A2F-90E8-C22085F07728}.Release|x86.ActiveCfg = Release|Win32
		{1DF639D4-C602-4A2F-90E8-C22085F07728}.Release|x86.Build.0 = Release|Win32
		{70075F4A-5126-4CDF-B039-8E2C80E54F3B}.Debug|x64.ActiveCfg = Debug|x64
		{70075F4A-5126-4CDF-B039-8E2C80E54F3B}.Debug|x64.Build.0 = Debug|x64
		{70075F4A-5126-4CDF-B039-8E2C80E54F3B}.Debug|x86.ActiveCfg = Debug|Win32
		{70075F4A-5126-4CDF-B039-8E2C80E54F3B}.Debug|x86.Build.0 = Debug|Win32
		{70075F4A-5126-4CDF-B039-8E2C80E54F3B}.Release|x64.ActiveCfg = Release|x64
		{70075F4A-5126-4CDF-B039-8E2C80E54F3B}.Release|x64.Build.0 = Release|x64
		{70075F4A-5126-4CDF-B039-8E2C80E54F3B}.Release|x86.ActiveCfg = Release|Win32
		{70075F4A-5126-4CDF-B039-8E2C80E54F3B}.Release|x86.Build.0 = Release|Win32
		{F46FE11A-C123-48B6-9C13-928BA2366EE7}.Debug|x64.ActiveCfg = Debug|x64
		{F46FE11A-C123-48B6-9C13-928BA2366EE7}.Debug|x64.Build.0 = Debug|x64
		{F46FE11A-C123-48B6-9C13-928BA2366EE7}.Debug|x86.ActiveCfg = Debug|Win32
		{F46FE11A-C123-48B6-9C13-928BA2366EE7}.Debug|x86.Build.0 = Debug|Win32
		{F46FE11A-C123-48B6-9C13-928BA2366EE7}.Release|x64.ActiveCfg = Release|x64
		{F46FE11A-C123-48B6-9C13-928BA2366EE7}.Release|x64.Build.0 = Release|x64
		{F46FE11A-C123-48B6-9C13-928BA2366EE7}.Release|x86.ActiveCfg = Release|Win32
		{F46FE11A-C123-48B6-9C13-928BA2366EE7}.Release|x86.Build.0 = Release|Win32
		{126A91F9-AAAB-427E-8BBE-32516AF6CDFE}.Debug|x64.ActiveCfg = Debug|x64
		{126A91F9-AAAB-427E-8BBE-32516AF6CDFE}.Debug|x64.Build.0 = Debug|x64
		{126A91F9-AAAB-427E-8BBE-32516AF6CDFE}.Debug|x86.ActiveCfg = Debug|Win32
		{126A91F9-AAAB-427E-8BBE-32516AF6CDFE}.Debug|x86.Build.0 = Debug|Win32
		{126A91F9-AAAB-427E-8BBE-32516AF6CDFE}.Release|x64.ActiveCfg = Release|x64
		{126A91F9-AAAB-427E-8BBE-32516AF6CDFE}.Release|x64.Build.0 = Release|x64
		{126A91F9-AAAB-427E-8BBE-32516AF6CDFE}.Release|x86.ActiveCfg = Release|Win32
		{126A91F9-AAAB-427E-8BBE-32516AF6CDFE}.Release|x86.Build.0 = Release|Win32
		{15C2C626-F988-4E72-8F83-DC25C06C0BCD}.Debug|x64.ActiveCfg = Debug|x64
		{15C2C626-F988-4E72-8F83-DC25C06C0BCD}.Debug|x64.Build.0 = Debug|x64
		{15C2C626-F988-4E72-8F83-DC25C06C0BCD}.Debug|x86.ActiveCfg = Debug|Win32
		{15C2C626-F988-4E72-8F83-DC25C06C0BCD}.Debug|x86.Build.0 = Debug|Win32
		{15C2C626-F988-4E72-8F83-DC25C06C0BCD}.Release|x64.ActiveCfg = Release|x64
		{15C2C626-F988-4E72-8F83-DC25C06C0BCD}.Release|x64.Build.0 = Release|x64
		{15C2C626-F988-4E72-8F83-DC25C06C0BCD}.Release|x86.ActiveCfg = Release|Win32
		{15C2C626-F988-4E72-8F83-DC25C06C0BCD}.Release|x86.Build.0 = Release|Win32
		{74D3632E-D56F-4DAE-A3C6-C49FBF114A42}.Debug|x64.ActiveCfg = Debug|x64
		{74D3632E-D56F-4DAE-A3C6-C49FBF114A42}.Debug|x64.Build.0 = Debug|x64
		{74D3632E-D56F-4DAE-A3C6-C49FBF114A42}.Debug|x86.ActiveCfg = Debug|Win32
		{74D3632E-D56F-4DAE-A3C6-C49FBF114A42}.Debug|x86.Build.0 = Debug|Win32
		{74D3632E-D56F-4DAE-A3C6-C49FBF114A42}.Release|x64.ActiveCfg = Release|x64
		{74D3632E-D56F-4DAE-A3C6-C49FBF114A42}.Release|x64.Build.0 = Release|x64
		{74D3632E-D56F-4DAE-A3C6-C49FBF114A42}.Release|x86.ActiveCfg = Release|Win32
		{74D3632E-D56F-4DAE-A3C6-C49FBF114A42}.Release|x86.Build.0 = Release|Win32
		{D0C2810A-DC20-48D6-947C-6EC66542B543}.Debug|x64.ActiveCfg = Debug|x64
		{D0C2810A-DC20-48D6-947C-6EC66542B543}.Debug|x64.Build.0 = Debug|x64
		{D0C2810A-DC20-48D6-947C-6EC66542B543}.Debug|x86.ActiveCfg = Debug|Win32
		{D0C2810A-DC20-48D6-947C-6EC66542B543}.Debug|x86.Build.0 = Debug|Win32
		{D0C2810A-DC20-48D6-947C-6EC66542B543}.Release|x64.ActiveCfg = Release|x64
		{D0C2810A-DC20-48D6-947C-6EC66542B543}.Release|x64.Build.0 = Release|x64
		{D0C2810A-DC20-48D6-947C-6EC66542B543}.Release|x86.ActiveCfg = Release|Win32
		{D0C2810A-DC20-48D6-947C-6EC66542B543}.Release|x86.Build.0 = Release|Win32
		{91794841-F015-459D-B14D-5E8BE75090D4}.Debug|x64.ActiveCfg = Debug|x64
		{91794841-F015-459D-B14D-5E8BE75090D4}.Debug|x64.Build.0 = Debug|x64
		{91794841-F015-459D-B14D-5E8BE75090D4}.Debug|x86.ActiveCfg = Debug|Win32
		{91794841-F015-459D-B14D-5E8BE75090D4}.Debug|x86.Build.0 = Debug|Win32
		{91794841-F015-459D-B14D-5E8BE75090D4}.Release|x64.ActiveCfg = Release|x64
		{91794841-F015-459D-B14D-5E8BE75090D4}.Release|x64.Build.0 = Release|x64
		{91794841-F015-459D-B14D-5E8BE75090D4}.Release|x86.ActiveCfg = Release|Win32
		{91794841-F015-459D-B14D-5E8BE75090D4}.Release|x86.Build.0 = Release|Win32
		{4C0A8177-4C00-4AA9-8743-01C191791AC7}.Debug|x64.ActiveCfg = Debug|x64
		{4C0A8177-4C00-4AA9-8743-01C191791AC7}.Debug|x64.Build.0 = Debug|x64
		{4C0A8177-4C00-4AA9-8743-01C191791AC7}.Debug|x86.ActiveCfg = Debug|Win32
		{4C0A8177-4C00-4AA9-8743-01C191791AC7}.Debug|x86.Build.0 = Debug|Win32
		{4C0A8177-4C00-4AA9-8743-01C191791AC7}.Release|x64.ActiveCfg = Release|x64
		{4C0A8177-4C00-4AA9-8743-01C191791AC7}.Release|x64.Build.0 = Release|x64
		{4C0A8177-4C00-4AA9-8743-01C191791AC7}.Release|x86.ActiveCfg = Release|Win32
		{4C0A8177-4C00-4AA9-8743-01C191791AC7}.Release|x86.Build.0 = Release|Win32
		{530A9940-C27E-4138-A5B4-B700A560D636}.Debug|x64.ActiveCfg = Debug|x64
		{530A9940-C27E-4138-A5B4-B700A560D636}.Debug|x64.Build.0 = Debug|x64
		{530A9940-C27E-4138-A5B4-B700A560D636}.Debug|x86.ActiveCfg = Debug|Win32
		{530A9940-C27E-4138-A5B4-B700A560D636}.Debug|x86.Build.0 = Debug|Win32
		{530A9940-C27E-4138-A5B4-B700A560D636}.Release|x64.ActiveCfg = Release|x64
		{530A9940-C27E-4138-A5B4-B700A560D636}.Release|x64.Build.0 = Release|x64
		{530A9940-C27E-4138-A5B4-B700A560D636}.Release|x86.ActiveCfg = Release|Win32
		{530A9940-C27E-4138-A5B4-B700A560D636}.Release|x86.Build.0 = Release|Win32
		{3B461BF3-2EC0-42F5-AC6D-870A9790D473}.Debug|x64.ActiveCfg = Debug|x64
		{3B461BF3-2EC0-42F5-AC6D-870A9790D473}.Debug|x64.Build.0 = Debug|x64
		{3B461BF3-2EC0-42F5-AC6D-870A9790D473}.Debug|x86.ActiveCfg = Debug|Win32
		{3B461BF3-2EC0-42F5-AC6D-870A9790D473}.Debug|x86.Build.0 = Debug|Win32
		{3B461BF3-2EC0-42F5-AC6D-870A9790D473}.Release|x64.ActiveCfg = Release|x64
		{3B461BF3-2EC0-42F5-AC6D-870A9790D473}.Release|x64.Build.0 = Release|x64
		{3B461BF3-2EC0-42F5-AC6D-870A9790D473}.Release|x86.ActiveCfg = Release|Win32
		{3B461BF3-2EC0-42F5-AC6D-870A9790D473}.Release|x86.Build.0 = Release|Win32
		{19C8F366-BF05-459B-B4F5-220DEF7D167B}.Debug|x64.ActiveCfg = Debug|x64
		{19C8F366-BF05-459B-B4F5-220DEF7D167B}.Debug|x64.Build.0 = Debug|x64
		{19C8F366-BF05-459B-B4F5-220DEF7D167B}.Debug|x86.ActiveCfg = Debug|Win32
		{19C8F366-BF05-459B-B4F5-220DEF7D167B}.Debug|x86.Build.0 = Debug|Win32
		{19C8F366-BF05-459B-B4F5-220DEF7D167B}.Release|x64.ActiveCfg = Release|x64
		{19C8F366-BF05-459B-B4F5-220DEF7D167B}.Release|x64.Build.0 = Release|x64
		{19C8F366-BF05-459B-B4F5-220DEF7D167B}.Release|x86.ActiveCfg = Release|Win32
		{19C8F366-BF05-459B-B4F5-220DEF7D167B}.Release|x86.Build.0 = Release|Win32
		{57466EAC-5435-44BF-93FB-AE197D516394}.Debug|x64.ActiveCfg = Debug|x64
		{57466EAC-5435-44BF-93FB-AE197D516394}.Debug|x64.Build.0 = Debug|x64
		{57466EAC-5435-44BF-93FB-AE197D516394}.Debug|x86.ActiveCfg = Debug|Win32
		{57466EAC-5435-44BF-93FB-AE197D516394}.Debug|x86.Build.0 = Debug|Win32
		{57466EAC-5435-44BF-93FB-AE197D516394}.Release|x64.ActiveCfg = Release|x64
		{57466EAC-5435-44BF-93FB-AE197D516394}.Release|x64.Build.0 = Release|x64
		{57466EAC-5435-44BF-93FB-AE197D516394}.Release|x86.ActiveCfg = Release|Win32
		{57466EAC-5435-44BF-93FB-AE197D516394}.Release|x86.Build.0 = Release|Win32
		{42960C5A-DF3D-4593-9ECB-91559ABCFC9C}.Debug|x64.ActiveCfg = Debug|x64
		{42960C5A-DF3D-4593-9ECB-91559ABCFC9C}.Debug|x64.Build.0 = Debug|x64
		{42960C5A-DF3D-4593-9ECB-91559ABCFC9C}.Debug|x86.ActiveCfg = Debug|Win32
		{42960C5A-DF3D-4593-9ECB-91559ABCFC9C}.Debug|x86.Build.0 = Debug|Win32
		{42960C5A-DF3D-4593-9ECB-91559ABCFC9C}.Release|x64.ActiveCfg = Release|x64
		{42960C5A-DF3D-4593-9ECB-91559ABCFC9C}.Release|x64.Build.0 = Release|x64
		{42960C5A-DF3D-4593-9ECB-91559ABCFC9C}.Release|x86.ActiveCfg = Release|Win32
		{42960C5A-DF3D-4593-9ECB-91559ABCFC9C}.Release|x86.Build.0 = Release|Win32
		{18BEF54F-6051-40FB-B039-E92A64F88C85}.Debug|x64.ActiveCfg = Debug|x64
		{18BEF54F-6051-40FB-B039-E92A64F88C85}.Debug|x64.Build.0 = Debug|x64
		{18BEF54F-6051-40FB-B039-E92A64F88C85}.Debug|x86.ActiveCfg = Debug|Win32
		{18BEF54F-6051-40FB-B039-E92A64F88C85}.Debug|x86.Build.0 = Debug|Win32
		{18BEF54F-6051-40FB-B039-E92A64F88C85}.Release|x64.ActiveCfg = Release|x64
		{18BEF54F-6051-40FB-B039-E92A64F88C85}.Release|x64.Build.0 = Release|x64
		{18BEF54F-6051-40FB-B039-E92A64F88C85}.Release|x86.ActiveCfg = Release|Win32
		{18BEF54F-6051-40FB-B039-E92A64F88C85}.Release|x86.Build.0 = Release|Win32
		{05A5A01B-30BB-46F6-8A73-5DA4CB8B620A}.Debug|x64.ActiveCfg = Debug|x64
		{05A5A01B-30BB-46F6-8A73-5DA4CB8B620A}.Debug|x64.Build.0 = Debug|x64
		{05A5A01B-30BB-46F6-8A73-5DA4CB8B620A}.Debug|x86.ActiveCfg = Debug|Win32
		{05A5A01B-30BB-46F6-8A73-5DA4CB8B620A}.Debug|x86.Build.0 = Debug|Win32
		{05A5A01B-30BB-46F6-8A73-5DA4CB8B620A}.Release|x64.ActiveCfg = Release|x64
		{05A5A01B-30BB-46F6-8A73-5DA4CB8B620A}.Release|x64.Build.0 = Release|x64
		{05A5A01B-30BB-46F6-8A73-5DA4CB8B620A}.Release|x86.ActiveCfg = Release|Win32
		{05A5A01B-30BB-46F6-8A73-5DA4CB8B620A}.Release|x86.Build.0 = Release|Win32
		{91579F86-D31B-4A7E-B057-AFC8BA61238C}.Debug|x64.ActiveCfg = Debug|x64
		{91579F86-D31B-4A7E-B057-AFC8BA61238C}.Debug|x64.Build.0 = Debug|x64
		{91579F86-D31B-4A7E-B057-AFC8BA61238C}.Debug|x86.ActiveCfg = Debug|Win32
		{91579F86-D31B-4A7E-B057-AFC8BA61238C}.Debug|x86.Build.0 = Debug|Win32
		{91579F86-D31B-4A7E-B057-AFC8BA61238C}.Release|x64.ActiveCfg = Release|x64
		{91579F86-D31B-4A7E-B057-AFC8BA61238C}.Release|x64.Build.0 = Release|x64
		{91579F86-D31B-4A7E-B057-AFC8BA61238C}.Release|x86.ActiveCfg = Release|Win32
		{91579F86-D31B-4A7E-B057-AFC8BA61238C}.Release|x86.Build.0 = Release|Win32
		{F1C6D574-4214-4556-92FB-0FDD98190CA5}.Debug|x64.ActiveCfg = Debug|x64
		{F1C6D574-4214-4556-92FB-0FDD98190CA5}.Debug|x64.Build.0 = Debug|x64
		{F1C6D574-4214-4556-92FB-0FDD98190CA5}.Debug|x86.ActiveCfg = Debug|Win32
		{F1C6D574-4214-4556-92FB-0FDD98190CA5}.Debug|x86.Build.0 = Debug|Win32
		{F1C6D574-4214-4556-92FB-0FDD98190CA5}.Release|x64.ActiveCfg = Release|x64
		{F1C6D574-4214-4556-92FB-0FDD98190CA5}.Release|x64.Build.0 = Release|x64
		{F1C6D574-4214-4556-92FB-0FDD98190CA5}.Release|x86.ActiveCfg = Release|Win32
		{F1C6D574-4214-4556-92FB-0FDD98190CA5}.Release|x86.Build.0 = Release|Win32
		{B8F6C741-1D73-4B7D-B68F-822045455249}.Debug|x64.ActiveCfg = Debug|x64
		{B8F6C741-1D73-4B7D-B68F-822045455249}.Debug|x64.Build.0 = Debug|x64
		{B8F6C741-1D73-4B7D-B68F-822045455249}.Debug|x86.ActiveCfg = Debug|Win32
		{B8F6C741-1D73-4B7D-B68F-822045455249}.Debug|x86.Build.0 = Debug|Win32
		{B8F6C741-1D73-4B7D-B68F-822045455249}.Release|x64.ActiveCfg = Release|x64
		{B8F6C741-1D73-4B7D-B68F-822045455249}.Release|x64.Build.0 = Release|x64
		{B8F6C741-1D73-4B7D-B68F-822045455249}.Release|x86.ActiveCfg = Release|Win32
		{B8F6C741-1D73-4B7D-B68F-822045455249}.Release|x86.Build.0 = Release|Win32
		{126A34F6-93C8-44B5-999D-44BF9D7C184D}.Debug|x64.ActiveCfg = Debug|x64
		{126A34F6-93C8-44B5-999D-44BF9D7C184D}.Debug|x64.Build.0 = Debug|x64
		{126A34F6-93C8-44B5-999D-44BF9D7C184D}.Debug|x86.ActiveCfg = Debug|Win32
		{126A34F6-93C8-44B5-999D-44BF9D7C184D}.Debug|x86.Build.0 = Debug|Win32
		{126A34F6-93C8-44B5-999D-44BF9D7C184D}.Release|x64.ActiveCfg = Release|x64
		{126A34F6-93C8-44B5-999D-44BF9D7C184D}.Release|x64.Build.0 = Release|x64
		{126A34F6-93C8-44B5-999D-44BF9D7C184D}.Release|x86.ActiveCfg = Release|Win32
		{126A34F6-93C8-44B5-999D-44BF9D7C184D}.Release|x86.Build.0 = Release|Win32
		{9E3E4A43-8DD1-44B1-A7B6-DABA53BBCC33}.Debug|x64.ActiveCfg = Debug|x64
		{9E3E4A43-8DD1-44B1-A7B6-DABA53BBCC33}.Debug|x64.Build.0 = Debug|x64
		{9E3E4A43-8DD1-44B1-A7B6-DABA53BBCC33}.Debug|x86.ActiveCfg = Debug|Win32
		{9E3E4A43-8DD1-44B1-A7B6-DABA53BBCC33}.Debug|x86.Build.0 = Debug|Win32
		{9E3E4A43-8DD1-44B1-A7B6-DABA53BBCC33}.Release|x64.ActiveCfg = Release|x64
		{9E3E4A43-8DD1-44B1-A7B6-DABA53BBCC33}.Release|x64.Build.0 = Release|x64
		{9E3E4A43-8DD1-44B1-A7B6-DABA53BBCC33}.Release|x86.ActiveCfg = Release|Win32
		{9E3E4A43-8DD1-44B1-A7B6-DABA53BBCC33}.Release|x86.Build.0 = Release|Win32
		{7167B5E9-3600-4F24-9FD5-2DB277C1835D}.Debug|x64.ActiveCfg = Debug|x64
		{7167B5E9-3600-4F24-9FD5-2DB277C1835D}.Debug|x64.Build.0 = Debug|x64
		{7167B5E9-3600-4F24-9FD5-2DB277C1835D}.Debug|x86.ActiveCfg = Debug|Win32
		{7167B5E9-3600-4F24-9FD5-2DB277C1835D}.Debug|x86.Build.0 = Debug|Win32
		{7167B5E9-3600-4F24-9FD5-2DB277C1835D}.Release|x64.ActiveCfg = Release|x64
		{7167B5E9-3600-4F24-9FD5-2DB277C1835D}.Release|x64.Build.0 = Release|x64
		{7167B5E9-3600-4F24-9FD5-2DB277C1835D}.Release|x86.ActiveCfg = Release|Win32
		{7167B5E9-3600-4F24-9FD5-2DB277C1835D}.Release|x86.Build.0 = Release|Win32
		{D1EDEC5A-930B-4DDC-A2F7-3E636F562824}.Debug|x64.ActiveCfg = Debug|x64
		{D1EDEC5A-930B-4DDC-A2F7-3E636F562824}.Debug|x64.Build.0 = Debug|x64
		{D1EDEC5A-930B-4DDC-A2F7-3E636F562824}.Debug|x86.ActiveCfg = Debug|Win32
		{D1EDEC5A-930B-4DDC-A2F7-3E636F562824}.Debug|x86.Build.0 = Debug|Win32
		{D1EDEC5A-930B-4DDC-A2F7-3E636F562824}.Release|x64.ActiveCfg = Release|x64
		{D1EDEC5A-930B-4DDC-A2F7-3E636F562824}.Release|x64.Build.0 = Release|x64
		{D1EDEC5A-930B-4DDC-A2F7-3E636F562824}.Release|x86.ActiveCfg = Release|Win32
		{D1EDEC5A-930B-4DDC-A2F7-3E636F562824}.Release|x86.Build.0 = Release|Win32
		{BE2E0EB0-2FF8-475C-9889-F1E31AA8661C}.Debug|x64.ActiveCfg = Debug|x64
		{BE2E0EB0-2FF8-475C-9889-F1E31AA8661C}.Debug|x64.Build.0 = Debug|x64
		{BE2E0EB0-2FF8-475C-9889-F1E31AA8661C}.Debug|x86.ActiveCfg = Debug|Win32
		{BE2E0EB0-2FF8-475C-9889-F1E31AA8661C}.Debug|x86.Build.0 = Debug|Win32
		{BE2E0EB0-2FF8-475C-9889-F1E31AA8661C}.Release|x64.ActiveCfg = Release|x64
		{BE2E0EB0-2FF8-475C-9889-F1E31AA8661C}.Release|x64.Build.0 = Release|x64
		{BE2E0EB0-2FF8-475C-9889-F1E31AA8661C}.Release|x86.ActiveCfg = Release|Win32
		{BE2E0EB0-2FF8-475C-9889-F1E31AA8661C}.Release|x86.Build.0 = Release|Win32
		{5B261EBC-0D11-4E69-8786-6D5D9917048B}.Debug|x64.ActiveCfg = Debug|x64
		{5B261EBC-0D11-4E69-8786-6D5D9917048B}.Debug|x64.Build.0 = Debug|x64
		{5B261EBC-0D11-4E69-8786-6D5D9917048B}.Debug|x86.ActiveCfg = Debug|Win32
		{5B261EBC-0D11-4E69-8786-6D5D9917048B}.Debug|x86.Build.0 = Debug|Win32
		{5B261EBC-0D11-4E69-8786-6D5D9917048B}.Release|x64.ActiveCfg = Release|x64
		{5B261EBC-0D11-4E69-8786-6D5D9917048B}.Release|x64.Build.0 = Release|x64
		{5B261EBC-0D11-4E69-8786-6D5D9917048B}.Release|x86.ActiveCfg = Release|Win32
		{5B261EBC-0D11-4E69-8786-6D5D9917048B}.Release|x86.Build.0 = Release|Win32
		{E11EFC12-DE8C-4F91-BA14-FC4E38BE65DA}.Debug|x64.ActiveCfg = Debug|x64
		{E11EFC12-DE8C-4F91-BA14-FC4E38BE65DA}.Debug|x64.Build.0 = Debug|x64
		{E11EFC12-DE8C-4F91-BA14-FC4E38BE65DA}.Debug|x86.ActiveCfg = Debug|Win32
		{E11EFC12-DE8C-4F91-BA14-FC4E38BE65DA}.Debug|x86.Build.0 = Debug|Win32
		{E11EFC12-DE8C-4F91-BA14-FC4E38BE65DA}.Release|x64.ActiveCfg = Release|x64
		{E11EFC12-DE8C-4F91-BA14-FC4E38BE65DA}.Release|x64.Build.0 = Release|x64
		{E11EFC12-DE8C-4F91-BA14-FC4E38BE65DA}.Release|x86.ActiveCfg = Release|Win32
		{E11EFC12-DE8C-4F91-BA14-FC4E38BE65DA}.Release|x86.Build.0 = Release|Win32
		{731A4A87-424B-4D5E-8A00-9351CBF478CF}.Debug|x64.ActiveCfg = Debug|x64
		{731A4A87-424B-4D5E-8A00-9351CBF478CF}.Debug|x64.Build.0 = Debug|x64
		{731A4A87-424B-4D5E-8A00-9351CBF478CF}.Debug|x86.ActiveCfg = Debug|Win32
		{731A4A87-424B-4D5E-8A00-9351CBF478CF}.Debug|x86.Build.0 = Debug|Win32
		{731A4A87-424B-4D5E-8A00-9351CBF478CF}.Release|x64.ActiveCfg = Release|x64
		{731A4A87-424B-4D5E-8A00-9351CBF478CF}.Release|x64.Build.0 = Release|x64
		{731A4A87-424B-4D5E-8A00-9351CBF478CF}.Release|x86.ActiveCfg = Release|Win32
		{731A4A87-424B-4D5E-8A00-9351CBF478CF}.Release|x86.Build.0 = Release|Win32
		{04D7CFAF-4B52-477D-94AF-F512CEC9A9E6}.Debug|x64.ActiveCfg = Debug|x64
		{04D7CFAF-4B52-477D-94AF-F512CEC9A9E6}.Debug|x64.Build.0 = Debug|x64
		{04D7CFAF-4B52-477D-94AF-F512CEC9A9E6}.Debug|x86.ActiveCfg = Debug|Win32
		{04D7CFAF-4B52-477D-94AF-F512CEC9A9E6}.Debug|x86.Build.0 = Debug|Win32
		{04D7CFAF-4B52-477D-94AF-F512CEC9A9E6}.Release|x64.ActiveCfg = Release|x64
		{04D7CFAF-4B52-477D-94AF-F512CEC9A9E6}.Release|x64.Build.0 = Release|x64
		{04D7CFAF-4B52-477D-94AF-F512CEC9A9E6}.Release|x86.ActiveCfg = Release|Win32
		{04D7CFAF-4B52-477D-94AF-F512CEC9A9E6}.Release|x86.Build.0 = Release|Win32
		{BC7ECCD3-D402-4A9D-89A0-C29C1A2F3268}.Debug|x64.ActiveCfg = Debug|x64
		{BC7ECCD3-D402-4A9D-89A0-C29C1A2F3268}.Debug|x64.Build.0 = Debug|x64
		{BC7ECCD3-D402-4A9D-89A0-C29C1A2F3268}.Debug|x86.ActiveCfg = Debug|Win32
		{BC7ECCD3-D402-4A9D-89A0-C29C1A2F3268}.Debug|x86.Build.0 = Debug|Win32
		{BC7ECCD3-D402-4A9D-89A0-C29C1A2F3268}.Release|x64.ActiveCfg = Release|x64
		{BC7ECCD3-D402-4A9D-89A0-C29C1A2F3268}.Release|x64.Build.0 = Release|x64
		{BC7ECCD3-D402-4A9D-89A0-C29C1A2F3268}.Release|x86.ActiveCfg = Release|Win32
		{BC7ECCD3-D402-4A9D-89A0-C29C1A2F3268}.Release|x86.Build.0 = Release|Win32
		{F930B8CC-5003-4055-8B52-89B0C168C887}.Debug|x64.ActiveCfg = Debug|x64
		{F930B8CC-5003-4055-8B52-89B0C168C887}.Debug|x64.Build.0 = Debug|x64
		{F930B8CC-5003-4055-8B52-89B0C168C887}.Debug|x86.ActiveCfg = Debug|Win32
		{F930B8CC-5003-4055-8B52-89B0C168C887}.Debug|x86.Build.0 = Debug|Win32
		{F930B8CC-5003-4055-8B52-89B0C168C887}.Release|x64.ActiveCfg = Release|x64
		{F930B8CC-5003-4055-8B52-89B0C168C887}.Release|x64.Build.0 = Release|x64
		{F930B8CC-5003-4055-8B52-89B0C168C887}.Release|x86.ActiveCfg = Release|Win32
		{F930B8CC-5003-4055-8B52-89B0C168C887}.Release|x86.Build.0 = Release|Win32
		{C908D49A-CCD8-4C9D-88E5-5FD8D355C3E6}.Debug|x64.ActiveCfg = Debug|x64
		{C908D49A-CCD8-4C9D-88E5-5FD8D355C3E6}.Debug|x64.Build.0 = Debug|x64
		{C908D49A-CCD8-4C9D-88E5-5FD8D355C3E6}.Debug|x86.ActiveCfg = Debug|Win32
		{C908D49A-CCD8-4C9D-88E5-5FD8D355C3E6}.Debug|x86.Build.0 = Debug|Win32
		{C908D49A-CCD8-4C9D-88E5-5FD8D355C3E6}.Release|x64.ActiveCfg = Release|x64
		{C908D49A-CCD8-4C9D-88E5-5FD8D355C3E6}.Release|x64.Build.0 = Release|x64
		{C908D49A-CCD8-4C9D-88E5-5FD8D355C3E6}.Release|x86.ActiveCfg = Release|Win32
		{C908D49A-CCD8-4C9D-88E5-5FD8D355C3E6}.Release|x86.Build.0 = Release|Win32
		{E7908457-0D9B-45E9-B21F-B44298162A7E}.Debug|x64.ActiveCfg = Debug|x64
		{E7908457-0D9B-45E9-B21F-B44298162A7E}.Debug|x64.Build.0 = Debug|x64
		{E7908457-0D9B-45E9-B21F-B44298162A7E}.Debug|x86.ActiveCfg = Debug|Win32
		{E7908457-0D9B-45E9-B21F-B44298162A7E}.Debug|x86.Build.0 = Debug|Win32
		{E7908457-0D9B-45E9-B21F-B44298162A7E}.Release|x64.ActiveCfg = Release|x64
		{E7908457-0D9B-45E9-B21F-B44298162A7E}.Release|x64.Build.0 = Release|x64
		{E7908457-0D9B-45E9-B21F-B44298162A7E}.Release|x86.ActiveCfg = Release|Win32
		{E7908457-0D9B-45E9-B21F-B44298162A7E}.Release|x86.Build.0 = Release|Win32
		{5F2EE13B-AF85-4077-B451-2A74A6939362}.Debug|x64.ActiveCfg = Debug|x64
		{5F2EE13B-AF85-4077-B451-2A74A6939362}.Debug|x64.Build.0 = Debug|x64
		{5F2EE13B-AF85-4077-B451-2A74A6939362}.Debug|x86.ActiveCfg = Debug|Win32
		{5F2EE13B-AF85-4077-B451-2A74A6939362}.Debug|x86.Build.0 = Debug|Win32
		{5F2EE13B-AF85-4077-B451-2A74A6939362}.Release|x64.ActiveCfg = Release|x64
		{5F2EE13B-AF85-4077-B451-2A74A6939362}.Release|x64.Build.0 = Release|x64
		{5F2EE13B-AF85-4077-B451-2A74A6939362}.Release|x86.ActiveCfg = Release|Win32
		{5F2EE13B-AF85-4077-B451-2A74A6939362}.Release|x86.Build.0 = Release|Win32
		{93C1974C-9D13-4E4C-A1E5-F9C2F84B8A91}.Debug|x64.ActiveCfg = Debug|x64
		{93C1974C-9D13-4E4C-A1E5-F9C2F84B8A91}.Debug|x64.Build.0 = Debug|x64
		{93C1974C-9D13-4E4C-A1E5-F9C2F84B8A91}.Debug|x86.ActiveCfg = Debug|Win32
		{93C1974C-9D13-4E4C-A1E5-F9C2F84B8A91}.Debug|x86.Build.0 = Debug|Win32
		{93C1974C-9D13-4E4C-A1E5-F9C2F84B8A91}.Release|x64.ActiveCfg = Release|x64
		{93C1974C-9D13-4E4C-A1E5-F9C2F84B8A91}.Release|x64.Build.0 = Release|x64
		{93C1974C-9D13-4E4C-A1E5-F9C2F84B8A91}.Release|x86.ActiveCfg = Release|Win32
		{93C1974C-9D13-4E4C-A1E5-F9C2F84B8A91}.Release|x86.Build.0 = Release|Win32
		{8F23C1C6-A8FF-454B-9549-BBCFE5051233}.Debug|x64.ActiveCfg = Debug|x64
		{8F23C1C6-A8FF-454B-9549-BBCFE5051233}.Debug|x64.Build.0 = Debug|x64
		{8F23C1C6-A8FF-454B-9549-BBCFE5051233}.Debug|x86.ActiveCfg = Debug|Win32
		{8F23C1C6-A8FF-454B-9549-BBCFE5051233}.Debug|x86.Build.0 = Debug|Win32
		{8F23C1C6-A8FF-454B-9549-BBCFE5051233}.Release|x64.ActiveCfg = Release|x64
		{8F23C1C6-A8FF-454B-9549-BBCFE5051233}.Release|x64.Build.0 = Release|x64
		{8F23C1C6-A8FF-454B-9549-BBCFE5051233}.Release|x86.ActiveCfg = Release|Win32
		{8F23C1C6-A8FF-454B-9549-BBCFE5051233}.Release|x86.Build.0 = Release|Win32
		{7E78764E-9DEA-46FB-9FD6-231359EFA281}.Debug|x64.ActiveCfg = Debug|x64
		{7E78764E-9DEA-46FB-9FD6-231359EFA281}.Debug|x64.Build.0 = Debug|x64
		{7E78764E-9DEA-46FB-9FD6-231359EFA281}.Debug|x86.ActiveCfg = Debug|Win32
		{7E78764E-9DEA-46FB-9FD6-231359EFA281}.Debug|x86.Build.0 = Debug|Win32
		{7E78764E-9DEA-46FB-9FD6-231359EFA281}.Release|x64.ActiveCfg = Release|x64
		{7E78764E-9DEA-46FB-9FD6-231359EFA281}.Release|x64.Build.0 = Release|x64
		{7E78764E-9DEA-46FB-9FD6-231359EFA281}.Release|x86.ActiveCfg = Release|Win32
		{7E78764E-9DEA-46FB-9FD6-231359EFA281}.Release|x86.Build.0 = Release|Win32
		{42AC1F30-A83E-4596-A61F-FF6887ED0BB3}.Debug|x64.ActiveCfg = Debug|x64
		{42AC1F30-A83E-4596-A61F-FF6887ED0BB3}.Debug|x64.Build.0 = Debug|x64
		{42AC1F30-A83E-4596-A61F-FF6887ED0BB3}.Debug|x86.ActiveCfg = Debug|Win32
		{42AC1F30-A83E-4596-A61F-FF6887ED0BB3}.Debug|x86.Build.0 = Debug|Win32
		{42AC1F30-A83E-4596-A61F-FF6887ED0BB3}.Release|x64.ActiveCfg = Release|x64
		{42AC1F30-A83E-4596-A61F-FF6887ED0BB3}.Release|x64.Build.0 = Release|x64
		{42AC1F30-A83E-4596-A61F-FF6887ED0BB3}.Release|x86.ActiveCfg = Release|Win32
		{42AC1F30-A83E-4596-A61F-FF6887ED0BB3}.Release|x86.Build.0 = Release|Win32
		{6ACB8A77-C185-49E3-A99E-4D6CAEDBF748}.Debug|x64.ActiveCfg = Debug|x64
		{6ACB8A77-C185-49E3-A99E-4D6CAEDBF748}.Debug|x64.Build.0 = Debug|x64
		{6ACB8A77-C185-49E3-A99E-4D6CAEDBF748}.Debug|x86.ActiveCfg = Debug|Win32
		{6ACB8A77-C185-49E3-A99E-4D6CAEDBF748}.Debug|x86.Build.0 = Debug|Win32
		{6ACB8A77-C185-49E3-A99E-4D6CAEDBF748}.Release|x64.ActiveCfg = Release|x64
		{6ACB8A77-C185-49E3-A99E-4D6CAEDBF748}.Release|x64.Build.0 = Release|x64
		{6ACB8A77-C185-49E3-A99E-4D6CAEDBF748}.Release|x86.ActiveCfg = Release|Win32
		{6ACB8A77-C185-49E3-A99E-4D6CAEDBF748}.Release|x86.Build.0 = Release|Win32
		{E40F5F5F-6A3A-47DC-B96D-B28EA58F83A4}.Debug|x64.ActiveCfg = Debug|x64
		{E40F5F5F-6A3A-47DC-B96D-B28EA58F83A4}.Debug|x64.Build.0 = Debug|x64
		{E40F5F5F-6A3A-47DC-B96D-B28EA58F83A4}.Debug|x86.ActiveCfg = Debug|Win32
		{E40F5F5F-6A3A-47DC-B96D-B28EA58F83A4}.Debug|x86.Build.0 = Debug|Win32
		{E40F5F5F-6A3A-47DC-B96D-B28EA58F83A4}.Release|x64.ActiveCfg = Release|x64
		{E40F5F5F-6A3A-47DC-B96D-B28EA58F83A4}.Release|x64.Build.0 = Release|x64
		{E40F5F5F-6A3A-47DC-B96D-B28EA58F83A4}.Release|x86.ActiveCfg = Release|Win32
		{E40F5F5F-6A3A-47DC-B96D-B28EA58F83A4}.Release|x86.Build.0 = Release|Win32
		{A5C82F6A-9C58-454F-A7D8-9D1D641EE861}.Debug|x64.ActiveCfg = Debug|x64
		{A5C82F6A-9C58-454F-A7D8-9D1D641EE861}.Debug|x64.Build.0 = Debug|x64
		{A5C82F6A-9C58-454F-A7D8-9D1D641EE861}.Debug|x86.ActiveCfg = Debug|Win32
		{A5C82F6A-9C58-454F-A7D8-9D1D641EE861}.Debug|x86.Build.0 = Debug|Win32
		{A5C82F6A-9C58-454F-A7D8-9D1D641EE861}.Release|x64.ActiveCfg = Release|x64
		{A5C82F6A-9C58-454F-A7D8-9D1D641EE861}.Release|x64.Build.0 = Release|x64
		{A5C82F6A-9C58-454F-A7D8-9D1D641EE861}.Release|x86.ActiveCfg = Release|Win32
		{A5C82F6A-9C58-454F-A7D8-9D1D641EE861}.Release|x86.Build.0 = Release|Win32
		{AA16B581-CA49-4FE8-A124-547ECB754E02}.Debug|x64.ActiveCfg = Debug|x64
		{AA16B581-CA49-4FE8-A124-547ECB754E02}.Debug|x64.Build.0 = Debug|x64
		{AA16B581-CA49-4FE8-A124-547ECB754E02}.Debug|x86.ActiveCfg = Debug|Win32
		{AA16B581-CA49-4FE8-A124-547ECB754E02}.Debug|x86.Build.0 = Debug|Win32
		{AA16B581-CA49-4FE8-A124-547ECB754E02}.Release|x64.ActiveCfg = Release|x64
		{AA16B581-CA49-4FE8-A124-547ECB754E02}.Release|x64.Build.0 = Release|x64
		{AA16B581-CA49-4FE8-A124-547ECB754E02}.Release|x86.ActiveCfg = Release|Win32
		{AA16B581-CA49-4FE8-A124-547ECB754E02}.Release|x86.Build.0 = Release|Win32
		{3F81925C-5551-4275-B1A3-6E55EF665FD2}.Debug|x64.ActiveCfg = Debug|x64
		{3F81925C-5551-4275-B1A3-6E55EF665FD2}.Debug|x64.Build.0 = Debug|x64
		{3F81925C-5551-4275-B1A3-6E55EF665FD2}.Debug|x86.ActiveCfg = Debug|Win32
		{3F81925C-5551-4275-B1A3-6E55EF665FD2}.Debug|x86.Build.0 = Debug|Win32
		{3F81925C-5551-4275-B1A3-6E55EF665FD2}.Release|x64.ActiveCfg = Release|x64
		{3F81925C-5551-4275-B1A3-6E55EF665FD2}.Release|x64.Build.0 = Release|x64
		{3F81925C-5551-4275-B1A3-6E55EF665FD2}.Release|x86.ActiveCfg = Release|Win32
		{3F81925C-5551-4275-B1A3-6E55EF665FD2}.Release|x86.Build.0 = Release|Win32
		{390BD667-5C66-4604-9466-4FAA7F0E18AF}.Debug|x64.ActiveCfg = Debug|x64
		{390BD667-5C66-4604-9466-4FAA7F0E18AF}.Debug|x64.Build.0 = Debug|x64
		{390BD667-5C66-4604-9466-4FAA7F0E18AF}.Debug|x86.ActiveCfg = Debug|Win32
		{390BD667-5C66-4604-9466-4FAA7F0E18AF}.Debug|x86.Build.0 = Debug|Win32
		{390BD667-5C66-4604-9466-4FAA7F0E18AF}.Release|x64.ActiveCfg = Release|x64
		{390BD667-5C66-4604-9466-4FAA7F0E18AF}.Release|x64.Build.0 = Release|x64
		{390BD667-5C66-4604-9466-4FAA7F0E18AF}.Release|x86.ActiveCfg = Release|Win32
		{390BD667-5C66-4604-9466-4FAA7F0E18AF}.Release|x86.Build.0 = Release|Win32
		{D653BB74-E8FF-4711-890C-46FAF96970D9}.Debug|x64.ActiveCfg = Debug|x64
		{D653BB74-E8FF-4711-890C-46FAF96970D9}.Debug|x64.Build.0 = Debug|x64
		{D653BB74-E8FF-4711-890C-46FAF96970D9}.Debug|x86.ActiveCfg = Debug|Win32
		{D653BB74-E8FF-4711-890C-46FAF96970D9}.Debug|x86.Build.0 = Debug|Win32
		{D653BB74-E8FF-4711-890C-46FAF96970D9}.Release|x64.ActiveCfg = Release|x64
		{D653BB74-E8FF-4711-890C-46FAF96970D9}.Release|x64.Build.0 = Release|x64
		{D653BB74-E8FF-4711-890C-46FAF96970D9}.Release|x86.ActiveCfg = Release|Win32
		{D653BB74-E8FF-4711-890C-46FAF96970D9}.Release|x86.Build.0 = Release|Win32
		{F638EF9D-BDED-4B85-B8DB-1530B1B71480}.Debug|x64.ActiveCfg = Debug|x64
		{F638EF9D-BDED-4B85-B8DB-1530B1B71480}.Debug|x64.Build.0 = Debug|x64
		{F638EF9D-BDED-4B85-B8DB-1530B1B71480}.Debug|x86.ActiveCfg = Debug|Win32
		{F638EF9D-BDED-4B85-B8DB-1530B1B71480}.Debug|x86.Build.0 = Debug|Win32
		{F638EF9D-BDED-4B85-B8DB-1530B1B71480}.Release|x64.ActiveCfg = Release|x64
		{F638EF9D-BDED-4B85-B8DB-1530B1B71480}.Release|x64.Build.0 = Release|x64
		{F638EF9D-BDED-4B85-B8DB-1530B1B71480}.Release|x86.ActiveCfg = Release|Win32
		{F638EF9D-BDED-4B85-B8DB-1530B1B71480}.Release|x86.Build.0 = Release|Win32
		{484E520E-CEE9-4C06-8C0C-5F8E060BDCCE}.Debug|x64.ActiveCfg = Debug|x64
		{484E520E-CEE9-4C06-8C0C-5F8E060BDCCE}.Debug|x64.Build.0 = Debug|x64
		{484E520E-CEE9-4C06-8C0C-5F8E060BDCCE}.Debug|x86.ActiveCfg = Debug|Win32
		{484E520E-CEE9-4C06-8C0C-5F8E060BDCCE}.Debug|x86.Build.0 = Debug|Win32
		{484E520E-CEE9-4C06-8C0C-5F8E060BDCCE}.Release|x64.ActiveCfg = Release|x64
		{484E520E-CEE9-4C06-8C0C-5F8E060BDCCE}.Release|x64.Build.0 = Release|x64
		{484E520E-CEE9-4C06-8C0C-5F8E060BDCCE}.Release|x86.ActiveCfg = Release|Win32
		{484E520E-CEE9-4C06-8C0C-5F8E060BDCCE}.Release|x86.Build.0 = Release|Win32
		{5ACF767D-53BD-4EBE-956E-3E687A52CDBD}.Debug|x64.ActiveCfg = Debug|x64
		{5ACF767D-53BD-4EBE-956E-3E687A52CDBD}.Debug|x64.Build.0 = Debug|x64
		{5ACF767D-53BD-4EBE-956E-3E687A52CDBD}.Debug|x86.ActiveCfg = Debug|Win32
		{5ACF767D-53BD-4EBE-956E-3E687A52CDBD}.Debug|x86.Build.0 = Debug|Win32
		{5ACF767D-53BD-4EBE-956E-3E687A52CDBD}.Release|x64.ActiveCfg = Release|x64
		{5ACF767D-53BD-4EBE-956E-3E687A52CDBD}.Release|x64.Build.0 = Release|x64
		{5ACF767D-53BD-4EBE-956E-3E687A52CDBD}.Release|x86.ActiveCfg = Release|Win32
		{5ACF767D-53BD-4EBE-956E-3E687A52CDBD}.Release|x86.Build.0 = Release|Win32
		{38D63201-66C7-4763-9636-91055345FE30}.Debug|x64.ActiveCfg = Debug|x64
		{38D63201-66C7-4763-9636-91055345FE30}.Debug|x64.Build.0 = Debug|x64
		{38D63201-66C7-4763-9636-91055345FE30}.Debug|x86.ActiveCfg = Debug|Win32
		{38D63201-66C7-4763-9636-91055345FE30}.Debug|x86.Build.0 = Debug|Win32
		{38D63201-66C7-4763-9636-91055345FE30}.Release|x64.ActiveCfg = Release|x64
		{38D63201-66C7-4763-9636-91055345FE30}.Release|x64.Build.0 = Release|x64
		{38D63201-66C7-4763-9636-91055345FE30}.Release|x86.ActiveCfg = Release|Win32
		{38D63201-66C7-4763-9636-91055345FE30}.Release|x86.Build.0 = Release|Win32
		{A7BA3ACC-B028-4B17-9F61-2FF4DC1CAD19}.Debug|x64.ActiveCfg = Debug|x64
		{A7BA3ACC-B028-4B17-9F61-2FF4DC1CAD19}.Debug|x64.Build.0 = Debug|x64
		{A7BA3ACC-B028-4B17-9F61-2FF4DC1CAD19}.Debug|x86.ActiveCfg = Debug|Win32
		{A7BA3ACC-B028-4B17-9F61-2FF4DC1CAD19}.Debug|x86.Build.0 = Debug|Win32
		{A7BA3ACC-B028-4B17-9F61-2FF4DC1CAD19}.Release|x64.ActiveCfg = Release|x64
		{A7BA3ACC-B028-4B17-9F61-2FF4DC1CAD19}.Release|x64.Build.0 = Release|x64
		{A7BA3ACC-B028-4B17-9F61-2FF4DC1CAD19}.Release|x86.ActiveCfg = Release|Win32
		{A7BA3ACC-B028-4B17-9F61-2FF4DC1CAD19}.Release|x86.Build.0 = Release|Win32
		{1CF4729F-8493-436A-B3AB-53D503938EF7}.Debug|x64.ActiveCfg = Debug|x64
		{1CF4729F-8493-436A-B3AB-53D503938EF7}.Debug|x64.Build.0 = Debug|x64
		{1CF4729F-8493-436A-B3AB-53D503938EF7}.Debug|x86.ActiveCfg = Debug|Win32
		{1CF4729F-8493-436A-B3AB-53D503938EF7}.Debug|x86.Build.0 = Debug|Win32
		{1CF4729F-8493-436A-B3AB-53D503938EF7}.Release|x64.ActiveCfg = Release|x64
		{1CF4729F-8493-436A-B3AB-53D503938EF7}.Release|x64.Build.0 = Release|x64
		{1CF4729F-8493-436A-B3AB-53D503938EF7}.Release|x86.ActiveCfg = Release|Win32
		{1CF4729F-8493-436A-B3AB-53D503938EF7}.Release|x86.Build.0 = Release|Win32
		{4FDD42B0-35F9-4545-AA38-124DEF455751}.Debug|x64.ActiveCfg = Debug|x64
		{4FDD42B0-35F9-4545-AA38-124DEF455751}.Debug|x64.Build.0 = Debug|x64
		{4FDD42B0-35F9-4545-AA38-124DEF455751}.Debug|x86.ActiveCfg = Debug|Win32
		{4FDD42B0-35F9-4545-AA38-124DEF455751}.Debug|x86.Build.0 = Debug|Win32
		{4FDD42B0-35F9-4545-AA38-124DEF455751}.Release|x64.ActiveCfg = Release|x64
		{4FDD42B0-35F9-4545-AA38-124DEF455751}.Release|x64.Build.0 = Release|x64
		{4FDD42B0-35F9-4545-AA38-124DEF455751}.Release|x86.ActiveCfg = Release|Win32
		{4FDD42B0-35F9-4545-AA38-124DEF455751}.Release|x86.Build.0 = Release|Win32
		{B540C288-2BD3-4EA0-83CB-E8D65484FED3}.Debug|x64.ActiveCfg = Debug|x64
		{B540C288-2BD3-4EA0-83CB-E8D65484FED3}.Debug|x64.Build.0 = Debug|x64
		{B540C288-2BD3-4EA0-83CB-E8D65484FED3}.Debug|x86.ActiveCfg = Debug|Win32
		{B540C288-2BD3-4EA0-83CB-E8D65484FED3}.Debug|x86.Build.0 = Debug|Win32
		{B540C288-2BD3-4EA0-83CB-E8D65484FED3}.Release|x64.ActiveCfg = Release|x64
		{B540C288-2BD3-4EA0-83CB-E8D65484FED3}.Release|x64.Build.0 = Release|x64
		{B540C288-2BD3-4EA0-83CB-E8D65484FED3}.Release|x86.ActiveCfg = Release|Win32
		{B540C288-2BD3-4EA0-83CB-E8D65484FED3}.Release|x86.Build.0 = Release|Win32
		{9B321085-0279-49CA-8CB1-BDDB426798BD}.Debug|x64.ActiveCfg = Debug|x64
		{9B321085-0279-49CA-8CB1-BDDB426798BD}.Debug|x64.Build.0 = Debug|x64
		{9B321085-0279-49CA-8CB1-BDDB426798BD}.Debug|x86.ActiveCfg = Debug|Win32
		{9B321085-0279-49CA-8CB1-BDDB426798BD}.Debug|x86.Build.0 = Debug|Win32
		{9B321085-0279-49CA-8CB1-BDDB426798BD}.Release|x64.ActiveCfg = Release|x64
		{9B321085-0279-49CA-8CB1-BDDB426798BD}.Release|x64.Build.0 = Release|x64
		{9B321085-0279-49CA-8CB1-BDDB426798BD}.Release|x86.ActiveCfg = Release|Win32
		{9B321085-0279-49CA-8CB1-BDDB426798BD}.Release|x86.Build.0 = Release|Win32
		{750B983E-023D-4AF0-859B-07126DED6A12}.Debug|x64.ActiveCfg = Debug|x64
		{750B983E-023D-4AF0-859B-07126DED6A12}.Debug|x64.Build.0 = Debug|x64
		{750B983E-023D-4AF0-859B-07126DED6A12}.Debug|x86.ActiveCfg = Debug|Win32
		{750B983E-023D-4AF0-859B-07126DED6A12}.Debug|x86.Build.0 = Debug|Win32
		{750B983E-023D-4AF0-859B-07126DED6A12}.Release|x64.ActiveCfg = Release|x64
		{750B983E-023D-4AF0-859B-07126DED6A12}.Release|x64.Build.0 = Release|x64
		{750B983E-023D-4AF0-859B-07126DED6A12}.Release|x86.ActiveCfg = Release|Win32
		{750B983E-023D-4AF0-859B-07126DED6A12}.Release|x86.Build.0 = Release|Win32
		{A1E04814-5C0F-4A0C-A2ED-F5C2BA724792}.Debug|x64.ActiveCfg = Debug|x64
		{A1E04814-5C0F-4A0C-A2ED-F5C2BA724792}.Debug|x64.Build.0 = Debug|x64
		{A1E04814-5C0F-4A0C-A2ED-F5C2BA724792}.Debug|x86.ActiveCfg = Debug|Win32
		{A1E04814-5C0F-4A0C-A2ED-F5C2BA724792}.Debug|x86.Build.0 = Debug|Win32
		{A1E04814-5C0F-4A0C-A2ED-F5C2BA724792}.Release|x64.ActiveCfg = Release|x64
		{A1E04814-5C0F-4A0C-A2ED-F5C2BA724792}.Release|x64.Build.0 = Release|x64
		{A1E04814-5C0F-4A0C-A2ED-F5C2BA724792}.Release|x86.ActiveCfg = Release|Win32
		{A1E04814-5C0F-4A0C-A2ED-F5C2BA724792}.Release|x86.Build.0 = Release|Win32
		{6D5F4847-D793-4C2D-BE83-162760BD4341}.Debug|x64.ActiveCfg = Debug|x64
		{6D5F4847-D793-4C2D-BE83-162760BD4341}.Debug|x64.Build.0 = Debug|x64
		{6D5F4847-D793-4C2D-BE83-162760BD4341}.Debug|x86.ActiveCfg = Debug|Win32
		{6D5F4847-D793-4C2D-BE83-162760BD4341}.Debug|x86.Build.0 = Debug|Win32
		{6D5F4847-D793-4C2D-BE83-162760BD4341}.Release|x64.ActiveCfg = Release|x64
		{6D5F4847-D793-4C2D-BE83-162760BD4341}.Release|x64.Build.0 = Release|x64
		{6D5F4847-D793-4C2D-BE83-162760BD4341}.Release|x86.ActiveCfg = Release|Win32
		{6D5F4847-D793-4C2D-BE83-162760BD4341}.Release|x86.Build.0 = Release|Win32
		{C12935D3-FD58-4AA4-B371-B872288DF176}.Debug|x64.ActiveCfg = Debug|x64
		{C12935D3-FD58-4AA4-B371-B872288DF176}.Debug|x64.Build.0 = Debug|x64
		{C12935D3-FD58-4AA4-B371-B872288DF176}.Debug|x86.ActiveCfg = Debug|Win32
		{C12935D3-FD58-4AA4-B371-B872288DF176}.Debug|x86.Build.0 = Debug|Win32
		{C12935D3-FD58-4AA4-B371-B872288DF176}.Release|x64.ActiveCfg = Release|x64
		{C12935D3-FD58-4AA4-B371-B872288DF176}.Release|x64.Build.0 = Release|x64
		{C12935D3-FD58-4AA4-B371-B872288DF176}.Release|x86.ActiveCfg = Release|Win32
		{C12935D3-FD58-4AA4-B371-B872288DF176}.Release|x86.Build.0 = Release|Win32
		{CC6A434F-BB8B-4ED4-83C6-079878BCF625}.Debug|x64.ActiveCfg = Debug|x64
		{CC6A434F-BB8B-4ED4-83C6-079878BCF625}.Debug|x64.Build.0 = Debug|x64
		{CC6A434F-BB8B-4ED4-83C6-079878BCF625}.Debug|x86.ActiveCfg = Debug|Win32
		{CC6A434F-BB8B-4ED4-83C6-079878BCF625}.Debug|x86.Build.0 = Debug|Win32
		{CC6A434F-BB8B-4ED4-83C6-079878BCF625}.Release|x64.ActiveCfg = Release|x64
		{CC6A434F-BB8B-4ED4-83C6-079878BCF625}.Release|x64.Build.0 = Release|x64
		{CC6A434F-BB8B-4ED4-83C6-079878BCF625}.Release|x86.ActiveCfg = Release|Win32
		{CC6A434F-BB8B-4ED4-83C6-079878BCF625}.Release|x86.Build.0 = Release|Win32
		{829CBC98-C772-4B97-805E-21598E3379DF}.Debug|x64.ActiveCfg = Debug|x64
		{829CBC98-C772-4B97-805E-21598E3379DF}.Debug|x64.Build.0 = Debug|x64
		{829CBC98-C772-4B97-805E-21598E3379DF}.Debug|x86.ActiveCfg = Debug|Win32
		{829CBC98-C772-4B97-805E-21598E3379DF}.Debug|x86.Build.0 = Debug|Win32
		{829CBC98-C772-4B97-805E-21598E3379DF}.Release|x64.ActiveCfg = Release|x64
		{829CBC98-C772-4B97-805E-21598E3379DF}.Release|x64.Build.0 = Release|x64
		{829CBC98-C772-4B97-805E-21598E3379DF}.Release|x86.ActiveCfg = Release|Win32
		{829CBC98-C772-4B97-805E-21598E3379DF}.Release|x86.Build.0 = Release|Win32
		{86AA4293-1AA9-4F69-9CA6-19BB9D09927E}.Debug|x64.ActiveCfg = Debug|x64
		{86AA4293-1AA9-4F69-9CA6-19BB9D09927E}.Debug|x64.Build.0 = Debug|x64
		{86AA4293-1AA9-4F69-9CA6-19BB9D09927E}.Debug|x86.ActiveCfg = Debug|Win32
		{86AA4293-1AA9-4F69-9CA6-19BB9D09927E}.Debug|x86.Build.0 = Debug|Win32
		{86AA4293-1AA9-4F69-9CA6-19BB9D09927E}.Release|x64.ActiveCfg = Release|x64
		{86AA4293-1AA9-4F69-9CA6-19BB9D09927E}.Release|x64.Build.0 = Release|x64
		{86AA4293-1AA9-4F69-9CA6-19BB9D09927E}.Release|x86.ActiveCfg = Release|Win32
		{86AA4293-1AA9-4F69-9CA6-19BB9D09927E}.Release|x86.Build.0 = Release|Win32
		{340F4B41-015C-40DA-80B3-0FD4EF57EB9E}.Debug|x64.ActiveCfg = Debug|x64
		{340F4B41-015C-40DA-80B3-0FD4EF57EB9E}.Debug|x64.Build.0 = Debug|x64
		{340F4B41-015C-40DA-80B3-0FD4EF57EB9E}.Debug|x86.ActiveCfg = Debug|Win32
		{340F4B41-015C-40DA-80B3-0FD4EF57EB9E}.Debug|x86.Build.0 = Debug|Win32
		{340F4B41-015C-40DA-80B3-0FD4EF57EB9E}.Release|x64.ActiveCfg = Release|x64
		{340F4B41-015C-40DA-80B3-0FD4EF57EB9E}.Release|x64.Build.0 = Release|x64
		{340F4B41-015C-40DA-80B3-0FD4EF57EB9E}.Release|x86.ActiveCfg = Release|Win32
		{340F4B41-015C-40DA-80B3-0FD4EF57EB9E}.Release|x86.Build.0 = Release|Win32
		{5855D226-DF96-4ABE-BEE1-22597D1E8654}.Debug|x64.ActiveCfg = Debug|x64
		{5855D226-DF96-4ABE-BEE1-22597D1E8654}.Debug|x64.Build.0 = Debug|x64
		{5855D226-DF96-4ABE-BEE1-22597D1E8654}.Debug|x86.ActiveCfg = Debug|Win32
		{5855D226-DF96-4ABE-BEE1-22597D1E8654}.Debug|x86.Build.0 = Debug|Win32
		{5855D226-DF96-4ABE-BEE1-22597D1E8654}.Release|x64.ActiveCfg = Release|x64
		{5855D226-DF96-4ABE-BEE1-22597D1E8654}.Release|x64.Build.0 = Release|x64
		{5855D226-DF96-4ABE-BEE1-22597D1E8654}.Release|x86.ActiveCfg = Release|Win32
		{5855D226-DF96-4ABE-BEE1-22597D1E8654}.Release|x86.Build.0 = Release|Win32
		{DA3CCB10-595B-4657-852F-149E5B7273E6}.Debug|x64.ActiveCfg = Debug|x64
		{DA3CCB10-595B-4657-852F-149E5B7273E6}.Debug|x64.Build.0 = Debug|x64
		{DA3CCB10-595B-4657-852F-149E5B7273E6}.Debug|x86.ActiveCfg = Debug|Win32
		{DA3CCB10-595B-4657-852F-149E5B7273E6}.Debug|x86.Build.0 = Debug|Win32
		{DA3CCB10-595B-4657-852F-149E5B7273E6}.Release|x64.ActiveCfg = Release|x64
		{DA3CCB10-595B-4657-852F-149E5B7273E6}.Release|x64.Build.0 = Release|x64
		{DA3CCB10-595B-4657-852F-149E5B7273E6}.Release|x86.ActiveCfg = Release|Win32
		{DA3CCB10-595B-4657-852F-149E5B7273E6}.Release|x86.Build.0 = Release|Win32
		{FF06DF2F-6ECD-485C-A179-727252E207AF}.Debug|x64.ActiveCfg = Debug|x64
		{FF06DF2F-6ECD-485C-A179-727252E207AF}.Debug|x64.Build.0 = Debug|x64
		{FF06DF2F-6ECD-485C-A179-727252E207AF}.Debug|x86.ActiveCfg = Debug|Win32
		{FF06DF2F-6ECD-485C-A179-727252E207AF}.Debug|x86.Build.0 = Debug|Win32
		{FF06DF2F-6ECD-485C-A179-727252E207AF}.Release|x64.ActiveCfg = Release|x64
		{FF06DF2F-6ECD-485C-A179-727252E207AF}.Release|x64.Build.0 = Release|x64
		{FF06DF2F-6ECD-485C-A179-727252E207AF}.Release|x86.ActiveCfg = Release|Win32
		{FF06DF2F-6ECD-485C-A179-727252E207AF}.Release|x86.Build.0 = Release|Win32
		{B2501C10-A50F-467F-B471-00CF701D6C38}.Debug|x64.ActiveCfg = Debug|x64
		{B2501C10-A50F-467F-B471-00CF701D6C38}.Debug|x64.Build.0 = Debug|x64
		{B2501C10-A50F-467F-B471-00CF701D6C38}.Debug|x86.ActiveCfg = Debug|Win32
		{B2501C10-A50F-467F-B471-00CF701D6C38}.Debug|x86.Build.0 = Debug|Win32
		{B2501C10-A50F-467F-B471-00CF701D6C38}.Release|x64.ActiveCfg = Release|x64
		{B2501C10-A50F-467F-B471-00CF701D6C38}.Release|x64.Build.0 = Release|x64
		{B2501C10-A50F-467F-B471-00CF701D6C38}.Release|x86.ActiveCfg = Release|Win32
		{B2501C10-A50F-467F-B471-00CF701D6C38}.Release|x86.Build.0 = Release|Win32
		{5DCBF49D-9561-4C8D-A5F5-DC377BBE0C38}.Debug|x64.ActiveCfg = Debug|x64
		{5DCBF49D-9561-4C8D-A5F5-DC377BBE0C38}.Debug|x64.Build.0 = Debug|x64
		{5DCBF49D-9561-4C8D-A5F5-DC377BBE0C38}.Debug|x86.ActiveCfg = Debug|Win32
		{5DCBF49D-9561-4C8D-A5F5-DC377BBE0C38}.Debug|x86.Build.0 = Debug|Win32
		{5DCBF49D-9561-4C8D-A5F5-DC377BBE0C38}.Release|x64.ActiveCfg = Release|x64
		{5DCBF49D-9561-4C8D-A5F5-DC377BBE0C38}.Release|x64.Build.0 = Release|x64
		{5DCBF49D-9561-4C8D-A5F5-DC377BBE0C38}.Release|x86.ActiveCfg = Release|Win32
		{5DCBF49D-9561-4C8D-A5F5-DC377BBE0C38}.Release|x86.Build.0 = Release|Win32
		{DC2569CB-7259-4F93-9C62-13025A056FE5}.Debug|x64.ActiveCfg = Debug|x64
		{DC2569CB-7259-4F93-9C62-13025A056FE5}.Debug|x64.Build.0 = Debug|x64
		{DC2569CB-7259-4F93-9C62-13025A056FE5}.Debug|x86.ActiveCfg = Debug|Win32
		{DC2569CB-7259-4F93-9C62-13025A056FE5}.Debug|x86.Build.0 = Debug|Win32
		{DC2569CB-7259-4F93-9C62-13025A056FE5}.Release|x64.ActiveCfg = Release|x64
		{DC2569CB-7259-4F93-9C62-13025A056FE5}.Release|x64.Build.0 = Release|x64
		{DC2569CB-7259-4F93-9C62-13025A056FE5}.Release|x86.ActiveCfg = Release|Win32
		{DC2569CB-7259-4F93-9C62-13025A056FE5}.Release|x86.Build.0 = Release|Win32
		{B405F0BC-0D78-4242-AB5D-8B701E0767C4}.Debug|x64.ActiveCfg = Debug|x64
		{B405F0BC-0D78-4242-AB5D-8B701E0767C4}.Debug|x64.Build.0 = Debug|x64
		{B405F0BC-0D78-4242-AB5D-8B701E0767C4}.Debug|x86.ActiveCfg = Debug|Win32
		{B405F0BC-0D78-4242-AB5D-8B701E0767C4}.Debug|x86.Build.0 = Debug|Win32
		{B405F0BC-0D78-4242-AB5D-8B701E0767C4}.Release|x64.ActiveCfg = Release|x64
		{B405F0BC-0D78-4242-AB5D-8B701E0767C4}.Release|x64.Build.0 = Release|x64
		{B405F0BC-0D78-4242-AB5D-8B701E0767C4}.Release|x86.ActiveCfg = Release|Win32
		{B405F0BC-0D78-4242-AB5D-8B701E0767C4}.Release|x86.Build.0 = Release|Win32
		{7E34FCB9-6906-47F5-91DE-EA14C03BFD12}.Debug|x64.ActiveCfg = Debug|x64
		{7E34FCB9-6906-47F5-91DE-EA14C03BFD12}.Debug|x64.Build.0 = Debug|x64
		{7E34FCB9-6906-47F5-91DE-EA14C03BFD12}.Debug|x86.ActiveCfg = Debug|Win32
		{7E34FCB9-6906-47F5-91DE-EA14C03BFD12}.Debug|x86.Build.0 = Debug|Win32
		{7E34FCB9-6906-47F5-91DE-EA14C03BFD12}.Release|x64.ActiveCfg = Release|x64
		{7E34FCB9-6906-47F5-91DE-EA14C03BFD12}.Release|x64.Build.0 = Release|x64
		{7E34FCB9-6906-47F5-91DE-EA14C03BFD12}.Release|x86.ActiveCfg = Release|Win32
		{7E34FCB9-6906-47F5-91DE-EA14C03BFD12}.Release|x86.Build.0 = Release|Win32
		{08419B68-C118-40EF-9AF7-BCAFDE269935}.Debug|x64.ActiveCfg = Debug|x64
		{08419B68-C118-40EF-9AF7-BCAFDE269935}.Debug|x64.Build.0 = Debug|x64
		{08419B68-C118-40EF-9AF7-BCAFDE269935}.Debug|x86.ActiveCfg = Debug|Win32
		{08419B68-C118-40EF-9AF7-BCAFDE269935}.Debug|x86.Build.0 = Debug|Win32
		{08419B68-C118-40EF-9AF7-BCAFDE269935}.Release|x64.ActiveCfg = Release|x64
		{08419B68-C118-40EF-9AF7-BCAFDE269935}.Release|x64.Build.0 = Release|x64
		{08419B68-C118-40EF-9AF7-BCAFDE269935}.Release|x86.ActiveCfg = Release|Win32
		{08419B68-C118-40EF-9AF7-BCAFDE269935}.Release|x86.Build.0 = Release|Win32
		{4F6C52E1-E2A5-451B-AD20-F1322B6E8871}.Debug|x64.ActiveCfg = Debug|x64
		{4F6C52E1-E2A5-451B-AD20-F1322B6E8871}.Debug|x64.Build.0 = Debug|x64
		{4F6C52E1-E2A5-451B-AD20-F1322B6E8871}.Debug|x86.ActiveCfg = Debug|Win32
		{4F6C52E1-E2A5-451B-AD20-F1322B6E8871}.Debug|x86.Build.0 = Debug|Win32
		{4F6C52E1-E2A5-451B-AD20-F1322B6E8871}.Release|x64.ActiveCfg = Release|x64
		{4F6C52E1-E2A5-451B-AD20-F1322B6E8871}.Release|x64.Build.0 = Release|x64
		{4F6C52E1-E2A5-451B-AD20-F1322B6E8871}.Release|x86.ActiveCfg = Release|Win32
		{4F6C52E1-E2A5-451B-AD20-F1322B6E8871}.Release|x86.Build.0 = Release|Win32
		{1045E48D-AC73-4B00-9921-F96D5E2764EA}.Debug|x64.ActiveCfg = Debug|x64
		{1045E48D-AC73-4B00-9921-F96D5E2764EA}.Debug|x64.Build.0 = Debug|x64
		{1045E48D-AC73-4B00-9921-F96D5E2764EA}.Debug|x86.ActiveCfg = Debug|Win32
		{1045E48D-AC73-4B00-9921-F96D5E2764EA}.Debug|x86.Build.0 = Debug|Win32
		{1045E48D-AC73-4B00-9921-F96D5E2764EA}.Release|x64.ActiveCfg = Release|x64
		{1045E48D-AC73-4B00-9921-F96D5E2764EA}.Release|x64.Build.0 = Release|x64
		{1045E48D-AC73-4B00-9921-F96D5E2764EA}.Release|x86.ActiveCfg = Release|Win32
		{1045E48D-AC73-4B00-9921-F96D5E2764EA}.Release|x86.Build.0 = Release|Win32
		{7CCE3066-6E26-4E6B-8E76-2D7913A7D5CA}.Debug|x64.ActiveCfg = Debug|x64
		{7CCE3066-6E26-4E6B-8E76-2D7913A7D5CA}.Debug|x64.Build.0 = Debug|x64
		{7CCE3066-6E26-4E6B-8E76-2D7913A7D5CA}.Debug|x86.ActiveCfg = Debug|Win32
		{7CCE3066-6E26-4E6B-8E76-2D7913A7D5CA}.Debug|x86.Build.0 = Debug|Win32
		{7CCE3066-6E26-4E6B-8E76-2D7913A7D5CA}.Release|x64.ActiveCfg = Release|x64
		{7CCE3066-6E26-4E6B-8E76-2D7913A7D5CA}.Release|x64.Build.0 = Release|x64
		{7CCE3066-6E26-4E6B-8E76-2D7913A7D5CA}.Release|x86.ActiveCfg = Release|Win32
		{7CCE3066-6E26-4E6B-8E76-2D7913A7D5CA}.Release|x86.Build.0 = Release|Win32
		{F9A39DC3-2917-46E2-9890-1D9D91422A6B}.Debug|x64.ActiveCfg = Debug|x64
		{F9A39DC3-2917-46E2-9890-1D9D91422A6B}.Debug|x64.Build.0 = Debug|x64
		{F9A39DC3-2917-46E2-9890-1D9D91422A6B}.Debug|x86.ActiveCfg = Debug|Win32
		{F9A39DC3-2917-46E2-9890-1D9D91422A6B}.Debug|x86.Build.0 = Debug|Win32
		{F9A39DC3-2917-46E2-9890-1D9D91422A6B}.Release|x64.ActiveCfg = Release|x64
		{F9A39DC3-2917-46E2-9890-1D9D91422A6B}.Release|x64.Build.0 = Release|x64
		{F9A39DC3-2917-46E2-9890-1D9D91422A6B}.Release|x86.ActiveCfg = Release|Win32
		{F9A39DC3-2917-46E2-9890-1D9D91422A6B}.Release|x86.Build.0 = Release|Win32
		{F35F3372-5AB1-4557-9AA0-B11849637ED6}.Debug|x64.ActiveCfg = Debug|x64
		{F35F3372-5AB1-4557-9AA0-B11849637ED6}.Debug|x64.Build.0 = Debug|x64
		{F35F3372-5AB1-4557-9AA0-B11849637ED6}.Debug|x86.ActiveCfg = Debug|Win32
		{F35F3372-5AB1-4557-9AA0-B11849637ED6}.Debug|x86.Build.0 = Debug|Win32
		{F35F3372-5AB1-4557-9AA0-B11849637ED6}.Release|x64.ActiveCfg = Release|x64
		{F35F3372-5AB1-4557-9AA0-B11849637ED6}.Release|x64.Build.0 = Release|x64
		{F35F3372-5AB1-4557-9AA0-B11849637ED6}.Release|x86.ActiveCfg = Release|Win32
		{F35F3372-5AB1-4557-9AA0-B11849637ED6}.Release|x86.Build.0 = Release|Win32
		{9295C101-7094-4267-BDCA-644CBDF216E5}.Debug|x64.ActiveCfg = Debug|x64
		{9295C101-7094-4267-BDCA-644CBDF216E5}.Debug|x64.Build.0 = Debug|x64
		{9295C101-7094-4267-BDCA-644CBDF216E5}.Debug|x86.ActiveCfg = Debug|Win32
		{9295C101-7094-4267-BDCA-644CBDF216E5}.Debug|x86.Build.0 = Debug|Win32
		{9295C101-7094-4267-BDCA-644CBDF216E5}.Release|x64.ActiveCfg = Release|x64
		{9295C101-7094-4267-BDCA-644CBDF216E5}.Release|x64.Build.0 = Release|x64
		{9295C101-7094-4267-BDCA-644CBDF216E5}.Release|x86.ActiveCfg = Release|Win32
		{9295C101-7094-4267-BDCA-644CBDF216E5}.Release|x86.Build.0 = Release|Win32
		{60A2B75D-CCE8-46B8-A7FE-7AD8E45EA450}.Debug|x64.ActiveCfg = Debug|x64
		{60A2B75D-CCE8-46B8-A7FE-7AD8E45EA450}.Debug|x64.Build.0 = Debug|x64
		{60A2B75D-CCE8-46B8-A7FE-7AD8E45EA450}.Debug|x86.ActiveCfg = Debug|Win32
		{60A2B75D-CCE8-46B8-A7FE-7AD8E45EA450}.Debug|x86.Build.0 = Debug|Win32
		{60A2B75D-CCE8-46B8-A7FE-7AD8E45EA450}.Release|x64.ActiveCfg = Release|x64
		{60A2B75D-CCE8-46B8-A7FE-7AD8E45EA450}.Release|x64.Build.0 = Release|x64
		{60A2B75D-CCE8-46B8-A7FE-7AD8E45EA450}.Release|x86.ActiveCfg = Release|Win32
		{60A2B75D-CCE8-46B8-A7FE-7AD8E45EA450}.Release|x86.Build.0 = Release|Win32
		{E19E4F89-8BB1-4E52-BA41-CC9703233978}.Debug|x64.ActiveCfg = Debug|x64
		{E19E4F89-8BB1-4E52-BA41-CC9703233978}.Debug|x64.Build.0 = Debug|x64
		{E19E4F89-8BB1-4E52-BA41-CC9703233978}.Debug|x86.ActiveCfg = Debug|Win32
		{E19E4F89-8BB1-4E52-BA41-CC9703233978}.Debug|x86.Build.0 = Debug|Win32
		{E19E4F89-8BB1-4E52-BA41-CC9703233978}.Release|x64.ActiveCfg = Release|x64
		{E19E4F89-8BB1-4E52-BA41-CC9703233978}.Release|x64.Build.0 = Release|x64
		{E19E4F89-8BB1-4E52-BA41-CC9703233978}.Release|x86.ActiveCfg = Release|Win32
		{E19E4F89-8BB1-4E52-BA41-CC9703233978}.Release|x86.Build.0 = Release|Win32
		{33C830ED-AAA8-49A6-B359-EE101EA7F0E0}.Debug|x64.ActiveCfg = Debug|x64
		{33C830ED-AAA8-49A6-B359-EE101EA7F0E0}.Debug|x64.Build.0 = Debug|x64
		{33C830ED-AAA8-49A6-B359-EE101EA7F0E0}.Debug|x86.ActiveCfg = Debug|Win32
		{33C830ED-AAA8-49A6-B359-EE101EA7F0E0}.Debug|x86.Build.0 = Debug|Win32
		{33C830ED-AAA8-49A6-B359-EE101EA7F0E0}.Release|x64.ActiveCfg = Release|x64
		{33C830ED-AAA8-49A6-B359-EE101EA7F0E0}.Release|x64.Build.0 = Release|x64
		{33C830ED-AAA8-49A6-B359-EE101EA7F0E0}.Release|x86.ActiveCfg = Release|Win32
		{33C830ED-AAA8-49A6-B359-EE101EA7F0E0}.Release|x86.Build.0 = Release|Win32
		{524B3F09-76AA-4A21-BEC2-2BBC440D8DA5}.Debug|x64.ActiveCfg = Debug|x64
		{524B3F09-76AA-4A21-BEC2-2BBC440D8DA5}.Debug|x64.Build.0 = Debug|x64
		{524B3F09-76AA-4A21-BEC2-2BBC440D8DA5}.Debug|x86.ActiveCfg = Debug|Win32
		{524B3F09-76AA-4A21-BEC2-2BBC440D8DA5}.Debug|x86.Build.0 = Debug|Win32
		{524B3F09-76AA-4A21-BEC2-2BBC440D8DA5}.Release|x64.ActiveCfg = Release|x64
		{524B3F09-76AA-4A21-BEC2-2BBC440D8DA5}.Release|x64.Build.0 = Release|x64
		{524B3F09-76AA-4A21-BEC2-2BBC440D8DA5}.Release|x86.ActiveCfg = Release|Win32
		{524B3F09-76AA-4A21-BEC2-2BBC440D8DA5}.Release|x86.Build.0 = Release|Win32
		{32A5AC15-3806-4D25-940C-05581CBF443D}.Debug|x64.ActiveCfg = Debug|x64
		{32A5AC15-3806-4D25-940C-05581CBF443D}.Debug|x64.Build.0 = Debug|x64
		{32A5AC15-3806-4D25-940C-05581CBF443D}.Debug|x86.ActiveCfg = Debug|Win32
		{32A5AC15-3806-4D25-940C-05581CBF443D}.Debug|x86.Build.0 = Debug|Win32
		{32A5AC15-3806-4D25-940C-05581CBF443D}.Release|x64.ActiveCfg = Release|x64
		{32A5AC15-3806-4D25-940C-05581CBF443D}.Release|x64.Build.0 = Release|x64
		{32A5AC15-3806-4D25-940C-05581CBF443D}.Release|x86.ActiveCfg = Release|Win32
		{32A5AC15-3806-4D25-940C-05581CBF443D}.Release|x86.Build.0 = Release|Win32
		{718F5209-6B20-46D5-AE7B-2187F20CE09B}.Debug|x64.ActiveCfg = Debug|x64
		{718F5209-6B20-46D5-AE7B-2187F20CE09B}.Debug|x64.Build.0 = Debug|x64
		{718F5209-6B20-46D5-AE7B-2187F20CE09B}.Debug|x86.ActiveCfg = Debug|Win32
		{718F5209-6B20-46D5-AE7B-2187F20CE09B}.Debug|x86.Build.0 = Debug|Win32
		{718F5209-6B20-46D5-AE7B-2187F20CE09B}.Release|x64.ActiveCfg = Release|x64
		{718F5209-6B20-46D5-AE7B-2187F20CE09B}.Release|x64.Build.0 = Release|x64
		{718F5209-6B20-46D5-AE7B-2187F20CE09B}.Release|x86.ActiveCfg = Release|Win32
		{718F5209-6B20-46D5-AE7B-2187F20CE09B}.Release|x86.Build.0 = Release|Win32
		{C9BB9742-C5CF-43E3-9E9C-C0FD3D2DAC57}.Debug|x64.ActiveCfg = Debug|x64
		{C9BB9742-C5CF-43E3-9E9C-C0FD3D2DAC57}.Debug|x64.Build.0 = Debug|x64
		{C9BB9742-C5CF-43E3-9E9C-C0FD3D2DAC57}.Debug|x86.ActiveCfg = Debug|Win32
		{C9BB9742-C5CF-43E3-9E9C-C0FD3D2DAC57}.Debug|x86.Build.0 = Debug|Win32
		{C9BB9742-C5CF-43E3-9E9C-C0FD3D2DAC57}.Release|x64.ActiveCfg = Release|x64
		{C9BB9742-C5CF-43E3-9E9C-C0FD3D2DAC57}.Release|x64.Build.0 = Release|x64
		{C9BB9742-C5CF-43E3-9E9C-C0FD3D2DAC57}.Release|x86.ActiveCfg = Release|Win32
		{C9BB9742-C5CF-43E3-9E9C-C0FD3D2DAC57}.Release|x86.Build.0 = Release|Win32
		{1F8B192F-EEEE-45FF-A285-718BE5DB905B}.Debug|x64.ActiveCfg = Debug|x64
		{1F8B192F-EEEE-45FF-A285-718BE5DB905B}.Debug|x64.Build.0 = Debug|x64
		{1F8B192F-EEEE-45FF-A285-718BE5DB905B}.Debug|x86.ActiveCfg = Debug|Win32
		{1F8B192F-EEEE-45FF-A285-718BE5DB905B}.Debug|x86.Build.0 = Debug|Win32
		{1F8B192F-EEEE-45FF-A285-718BE5DB905B}.Release|x64.ActiveCfg = Release|x64
		{1F8B192F-EEEE-45FF-A285-718BE5DB905B}.Release|x64.Build.0 = Release|x64
		{1F8B192F-EEEE-45FF-A285-718BE5DB905B}.Release|x86.ActiveCfg = Release|Win32
		{1F8B192F-EEEE-45FF-A285-718BE5DB905B}.Release|x86.Build.0 = Release|Win32
	EndGlobalSection
	GlobalSection(SolutionProperties) = preSolution
		HideSolutionNode = FALSE
	EndGlobalSection
	GlobalSection(ExtensibilityGlobals) = postSolution
		SolutionGuid = {940AA413-6E55-41D1-8433-8069FE31AFB4}
	EndGlobalSection
EndGlobal
